Microsoft Visual Studio Solution File, Format Version 12.00
# Visual Studio 15
VisualStudioVersion = 15.0.27004.2010
MinimumVisualStudioVersion = 10.0.40219.1
Project("{8BC9CEB8-8B4A-11D0-8D11-00A0C91BC942}") = "BatchEncoder", "src\BatchEncoder.vcxproj", "{746662AD-C2A1-43B7-87D2-BC45FE80B52B}"
EndProject
Project("{8BC9CEB8-8B4A-11D0-8D11-00A0C91BC942}") = "MFC.Collections", "src\common\collections\MFC.Collections.vcxproj", "{63699910-884A-47A4-AF78-7471B60913ED}"
EndProject
Project("{8BC9CEB8-8B4A-11D0-8D11-00A0C91BC942}") = "MFC.Controls", "src\common\controls\MFC.Controls.vcxproj", "{5936EB01-037A-4148-A512-DAD975C24CBD}"
EndProject
Project("{8BC9CEB8-8B4A-11D0-8D11-00A0C91BC942}") = "MFC.Language", "src\common\language\MFC.Language.vcxproj", "{8F02F1BD-9F9F-439C-9686-3961C64FC8EE}"
EndProject
Project("{8BC9CEB8-8B4A-11D0-8D11-00A0C91BC942}") = "Lua", "src\common\lua\Lua.vcxproj", "{D3051AAC-8129-45F9-A755-9CBB7C61D91D}"
EndProject
Project("{8BC9CEB8-8B4A-11D0-8D11-00A0C91BC942}") = "TinyXml2", "src\common\tinyxml2\TinyXml2.vcxproj", "{284538AC-D315-437E-AD31-D40934A43236}"
EndProject
Project("{8BC9CEB8-8B4A-11D0-8D11-00A0C91BC942}") = "MFC.Utilities", "src\common\utilities\MFC.Utilities.vcxproj", "{4B291D95-C2CA-49E3-9EB5-B9F855D32AA0}"
EndProject
Project("{8BC9CEB8-8B4A-11D0-8D11-00A0C91BC942}") = "MFC.Download", "src\common\download\MFC.Download.vcxproj", "{F9C925A3-DEAB-4C4E-8C61-F9B91B2DF8B5}"
EndProject
Global
	GlobalSection(SolutionConfigurationPlatforms) = preSolution
		Debug|Win32 = Debug|Win32
		Debug|x64 = Debug|x64
		Release|Win32 = Release|Win32
		Release|x64 = Release|x64
	EndGlobalSection
	GlobalSection(ProjectConfigurationPlatforms) = postSolution
		{746662AD-C2A1-43B7-87D2-BC45FE80B52B}.Debug|Win32.ActiveCfg = Debug|Win32
		{746662AD-C2A1-43B7-87D2-BC45FE80B52B}.Debug|Win32.Build.0 = Debug|Win32
		{746662AD-C2A1-43B7-87D2-BC45FE80B52B}.Debug|x64.ActiveCfg = Debug|x64
		{746662AD-C2A1-43B7-87D2-BC45FE80B52B}.Debug|x64.Build.0 = Debug|x64
		{746662AD-C2A1-43B7-87D2-BC45FE80B52B}.Release|Win32.ActiveCfg = Release|Win32
		{746662AD-C2A1-43B7-87D2-BC45FE80B52B}.Release|Win32.Build.0 = Release|Win32
		{746662AD-C2A1-43B7-87D2-BC45FE80B52B}.Release|x64.ActiveCfg = Release|x64
		{746662AD-C2A1-43B7-87D2-BC45FE80B52B}.Release|x64.Build.0 = Release|x64
		{63699910-884A-47A4-AF78-7471B60913ED}.Debug|Win32.ActiveCfg = Debug|Win32
		{63699910-884A-47A4-AF78-7471B60913ED}.Debug|Win32.Build.0 = Debug|Win32
		{63699910-884A-47A4-AF78-7471B60913ED}.Debug|x64.ActiveCfg = Debug|x64
		{63699910-884A-47A4-AF78-7471B60913ED}.Debug|x64.Build.0 = Debug|x64
		{63699910-884A-47A4-AF78-7471B60913ED}.Release|Win32.ActiveCfg = Release|Win32
		{63699910-884A-47A4-AF78-7471B60913ED}.Release|Win32.Build.0 = Release|Win32
		{63699910-884A-47A4-AF78-7471B60913ED}.Release|x64.ActiveCfg = Release|x64
		{63699910-884A-47A4-AF78-7471B60913ED}.Release|x64.Build.0 = Release|x64
		{5936EB01-037A-4148-A512-DAD975C24CBD}.Debug|Win32.ActiveCfg = Debug|Win32
		{5936EB01-037A-4148-A512-DAD975C24CBD}.Debug|Win32.Build.0 = Debug|Win32
		{5936EB01-037A-4148-A512-DAD975C24CBD}.Debug|x64.ActiveCfg = Debug|x64
		{5936EB01-037A-4148-A512-DAD975C24CBD}.Debug|x64.Build.0 = Debug|x64
		{5936EB01-037A-4148-A512-DAD975C24CBD}.Release|Win32.ActiveCfg = Release|Win32
		{5936EB01-037A-4148-A512-DAD975C24CBD}.Release|Win32.Build.0 = Release|Win32
		{5936EB01-037A-4148-A512-DAD975C24CBD}.Release|x64.ActiveCfg = Release|x64
		{5936EB01-037A-4148-A512-DAD975C24CBD}.Release|x64.Build.0 = Release|x64
		{8F02F1BD-9F9F-439C-9686-3961C64FC8EE}.Debug|Win32.ActiveCfg = Debug|Win32
		{8F02F1BD-9F9F-439C-9686-3961C64FC8EE}.Debug|Win32.Build.0 = Debug|Win32
		{8F02F1BD-9F9F-439C-9686-3961C64FC8EE}.Debug|x64.ActiveCfg = Debug|x64
		{8F02F1BD-9F9F-439C-9686-3961C64FC8EE}.Debug|x64.Build.0 = Debug|x64
		{8F02F1BD-9F9F-439C-9686-3961C64FC8EE}.Release|Win32.ActiveCfg = Release|Win32
		{8F02F1BD-9F9F-439C-9686-3961C64FC8EE}.Release|Win32.Build.0 = Release|Win32
		{8F02F1BD-9F9F-439C-9686-3961C64FC8EE}.Release|x64.ActiveCfg = Release|x64
		{8F02F1BD-9F9F-439C-9686-3961C64FC8EE}.Release|x64.Build.0 = Release|x64
		{D3051AAC-8129-45F9-A755-9CBB7C61D91D}.Debug|Win32.ActiveCfg = Debug|Win32
		{D3051AAC-8129-45F9-A755-9CBB7C61D91D}.Debug|Win32.Build.0 = Debug|Win32
		{D3051AAC-8129-45F9-A755-9CBB7C61D91D}.Debug|x64.ActiveCfg = Debug|x64
		{D3051AAC-8129-45F9-A755-9CBB7C61D91D}.Debug|x64.Build.0 = Debug|x64
		{D3051AAC-8129-45F9-A755-9CBB7C61D91D}.Release|Win32.ActiveCfg = Release|Win32
		{D3051AAC-8129-45F9-A755-9CBB7C61D91D}.Release|Win32.Build.0 = Release|Win32
		{D3051AAC-8129-45F9-A755-9CBB7C61D91D}.Release|x64.ActiveCfg = Release|x64
		{D3051AAC-8129-45F9-A755-9CBB7C61D91D}.Release|x64.Build.0 = Release|x64
		{284538AC-D315-437E-AD31-D40934A43236}.Debug|Win32.ActiveCfg = Debug|Win32
		{284538AC-D315-437E-AD31-D40934A43236}.Debug|Win32.Build.0 = Debug|Win32
		{284538AC-D315-437E-AD31-D40934A43236}.Debug|x64.ActiveCfg = Debug|x64
		{284538AC-D315-437E-AD31-D40934A43236}.Debug|x64.Build.0 = Debug|x64
		{284538AC-D315-437E-AD31-D40934A43236}.Release|Win32.ActiveCfg = Release|Win32
		{284538AC-D315-437E-AD31-D40934A43236}.Release|Win32.Build.0 = Release|Win32
		{284538AC-D315-437E-AD31-D40934A43236}.Release|x64.ActiveCfg = Release|x64
		{284538AC-D315-437E-AD31-D40934A43236}.Release|x64.Build.0 = Release|x64
		{4B291D95-C2CA-49E3-9EB5-B9F855D32AA0}.Debug|Win32.ActiveCfg = Debug|Win32
		{4B291D95-C2CA-49E3-9EB5-B9F855D32AA0}.Debug|Win32.Build.0 = Debug|Win32
		{4B291D95-C2CA-49E3-9EB5-B9F855D32AA0}.Debug|x64.ActiveCfg = Debug|x64
		{4B291D95-C2CA-49E3-9EB5-B9F855D32AA0}.Debug|x64.Build.0 = Debug|x64
		{4B291D95-C2CA-49E3-9EB5-B9F855D32AA0}.Release|Win32.ActiveCfg = Release|Win32
		{4B291D95-C2CA-49E3-9EB5-B9F855D32AA0}.Release|Win32.Build.0 = Release|Win32
		{4B291D95-C2CA-49E3-9EB5-B9F855D32AA0}.Release|x64.ActiveCfg = Release|x64
		{4B291D95-C2CA-49E3-9EB5-B9F855D32AA0}.Release|x64.Build.0 = Release|x64
		{F9C925A3-DEAB-4C4E-8C61-F9B91B2DF8B5}.Debug|Win32.ActiveCfg = Debug|Win32
		{F9C925A3-DEAB-4C4E-8C61-F9B91B2DF8B5}.Debug|Win32.Build.0 = Debug|Win32
		{F9C925A3-DEAB-4C4E-8C61-F9B91B2DF8B5}.Debug|x64.ActiveCfg = Debug|x64
		{F9C925A3-DEAB-4C4E-8C61-F9B91B2DF8B5}.Debug|x64.Build.0 = Debug|x64
		{F9C925A3-DEAB-4C4E-8C61-F9B91B2DF8B5}.Release|Win32.ActiveCfg = Release|Win32
		{F9C925A3-DEAB-4C4E-8C61-F9B91B2DF8B5}.Release|Win32.Build.0 = Release|Win32
		{F9C925A3-DEAB-4C4E-8C61-F9B91B2DF8B5}.Release|x64.ActiveCfg = Release|x64
		{F9C925A3-DEAB-4C4E-8C61-F9B91B2DF8B5}.Release|x64.Build.0 = Release|x64
	EndGlobalSection
	GlobalSection(SolutionProperties) = preSolution
		HideSolutionNode = FALSE
	EndGlobalSection
	GlobalSection(ExtensibilityGlobals) = postSolution
		SolutionGuid = {37763D67-1229-4E8D-ABED-3786BB37A99D}
	EndGlobalSection
EndGlobal
