
Microsoft Visual Studio Solution File, Format Version 12.00
# Visual Studio Version 16
VisualStudioVersion = 16.0.30413.136
MinimumVisualStudioVersion = 10.0.40219.1
Project("{8BC9CEB8-8B4A-11D0-8D11-00A0C91BC942}") = "BatchEncoder", "src\BatchEncoder.vcxproj", "{746662AD-C2A1-43B7-87D2-BC45FE80B52B}"
EndProject
Project("{2150E333-8FDC-42A3-9474-1A3956D46DE8}") = "src", "src", "{2162C5C6-26D6-4106-BF2E-A313D030299A}"
EndProject
Project("{2150E333-8FDC-42A3-9474-1A3956D46DE8}") = "tests", "tests", "{B3FE5579-E60D-4BAB-A72E-E82076C8AFD4}"
EndProject
Project("{8BC9CEB8-8B4A-11D0-8D11-00A0C91BC942}") = "BatchEncoder.Core.UnitTests", "tests\BatchEncoder.Core.UnitTests\BatchEncoder.Core.UnitTests.vcxproj", "{35FAE4BB-B00A-4E8F-A093-34353090AECD}"
EndProject
Project("{8BC9CEB8-8B4A-11D0-8D11-00A0C91BC942}") = "BatchEncoder.CLI", "src\cli\BatchEncoder.CLI.vcxproj", "{73CC2D95-5CB0-4783-9B6F-AB0E086E4030}"
EndProject
Global
	GlobalSection(SolutionConfigurationPlatforms) = preSolution
		Debug|Win32 = Debug|Win32
		Debug|x64 = Debug|x64
		Release|Win32 = Release|Win32
		Release|x64 = Release|x64
	EndGlobalSection
	GlobalSection(ProjectConfigurationPlatforms) = postSolution
		{746662AD-C2A1-43B7-87D2-BC45FE80B52B}.Debug|Win32.ActiveCfg = Debug|Win32
		{746662AD-C2A1-43B7-87D2-BC45FE80B52B}.Debug|Win32.Build.0 = Debug|Win32
		{746662AD-C2A1-43B7-87D2-BC45FE80B52B}.Debug|x64.ActiveCfg = Debug|x64
		{746662AD-C2A1-43B7-87D2-BC45FE80B52B}.Debug|x64.Build.0 = Debug|x64
		{746662AD-C2A1-43B7-87D2-BC45FE80B52B}.Release|Win32.ActiveCfg = Release|Win32
		{746662AD-C2A1-43B7-87D2-BC45FE80B52B}.Release|Win32.Build.0 = Release|Win32
		{746662AD-C2A1-43B7-87D2-BC45FE80B52B}.Release|x64.ActiveCfg = Release|x64
		{746662AD-C2A1-43B7-87D2-BC45FE80B52B}.Release|x64.Build.0 = Release|x64
		{35FAE4BB-B00A-4E8F-A093-34353090AECD}.Debug|Win32.ActiveCfg = Debug|Win32
		{35FAE4BB-B00A-4E8F-A093-34353090AECD}.Debug|Win32.Build.0 = Debug|Win32
		{35FAE4BB-B00A-4E8F-A093-34353090AECD}.Debug|x64.ActiveCfg = Debug|x64
		{35FAE4BB-B00A-4E8F-A093-34353090AECD}.Debug|x64.Build.0 = Debug|x64
		{35FAE4BB-B00A-4E8F-A093-34353090AECD}.Release|Win32.ActiveCfg = Release|Win32
		{35FAE4BB-B00A-4E8F-A093-34353090AECD}.Release|Win32.Build.0 = Release|Win32
		{35FAE4BB-B00A-4E8F-A093-34353090AECD}.Release|x64.ActiveCfg = Release|x64
		{35FAE4BB-B00A-4E8F-A093-34353090AECD}.Release|x64.Build.0 = Release|x64
		{73CC2D95-5CB0-4783-9B6F-AB0E086E4030}.Debug|Win32.ActiveCfg = Debug|Win32
		{73CC2D95-5CB0-4783-9B6F-AB0E086E4030}.Debug|Win32.Build.0 = Debug|Win32
		{73CC2D95-5CB0-4783-9B6F-AB0E086E4030}.Debug|x64.ActiveCfg = Debug|x64
		{73CC2D95-5CB0-4783-9B6F-AB0E086E4030}.Debug|x64.Build.0 = Debug|x64
		{73CC2D95-5CB0-4783-9B6F-AB0E086E4030}.Release|Win32.ActiveCfg = Release|Win32
		{73CC2D95-5CB0-4783-9B6F-AB0E086E4030}.Release|Win32.Build.0 = Release|Win32
		{73CC2D95-5CB0-4783-9B6F-AB0E086E4030}.Release|x64.ActiveCfg = Release|x64
		{73CC2D95-5CB0-4783-9B6F-AB0E086E4030}.Release|x64.Build.0 = Release|x64
	EndGlobalSection
	GlobalSection(SolutionProperties) = preSolution
		HideSolutionNode = FALSE
	EndGlobalSection
	GlobalSection(NestedProjects) = preSolution
		{746662AD-C2A1-43B7-87D2-BC45FE80B52B} = {2162C5C6-26D6-4106-BF2E-A313D030299A}
		{35FAE4BB-B00A-4E8F-A093-34353090AECD} = {B3FE5579-E60D-4BAB-A72E-E82076C8AFD4}
		{73CC2D95-5CB0-4783-9B6F-AB0E086E4030} = {2162C5C6-26D6-4106-BF2E-A313D030299A}
	EndGlobalSection
	GlobalSection(ExtensibilityGlobals) = postSolution
		SolutionGuid = {37763D67-1229-4E8D-ABED-3786BB37A99D}
	EndGlobalSection
EndGlobal
