
Microsoft Visual Studio Solution File, Format Version 12.00
# Visual Studio 15
VisualStudioVersion = 15.0.27130.2036
MinimumVisualStudioVersion = 10.0.40219.1
Project("{8BC9CEB8-8B4A-11D0-8D11-00A0C91BC942}") = "BatchEncoder", "src\BatchEncoder.vcxproj", "{746662AD-C2A1-43B7-87D2-BC45FE80B52B}"
EndProject
Project("{8BC9CEB8-8B4A-11D0-8D11-00A0C91BC942}") = "MFC.Controls", "src\common\controls\MFC.Controls.vcxproj", "{5936EB01-037A-4148-A512-DAD975C24CBD}"
EndProject
Project("{8BC9CEB8-8B4A-11D0-8D11-00A0C91BC942}") = "Lua", "src\common\lua\Lua.vcxproj", "{D3051AAC-8129-45F9-A755-9CBB7C61D91D}"
EndProject
Project("{8BC9CEB8-8B4A-11D0-8D11-00A0C91BC942}") = "TinyXml2", "src\common\tinyxml2\TinyXml2.vcxproj", "{284538AC-D315-437E-AD31-D40934A43236}"
EndProject
Project("{8BC9CEB8-8B4A-11D0-8D11-00A0C91BC942}") = "MFC.Utilities", "src\common\utilities\MFC.Utilities.vcxproj", "{4B291D95-C2CA-49E3-9EB5-B9F855D32AA0}"
EndProject
Project("{2150E333-8FDC-42A3-9474-1A3956D46DE8}") = "src", "src", "{2162C5C6-26D6-4106-BF2E-A313D030299A}"
EndProject
Project("{2150E333-8FDC-42A3-9474-1A3956D46DE8}") = "common", "common", "{831DB234-8DE6-4AC3-A5EC-E9567BE8DF67}"
EndProject
Project("{2150E333-8FDC-42A3-9474-1A3956D46DE8}") = "tests", "tests", "{B3FE5579-E60D-4BAB-A72E-E82076C8AFD4}"
EndProject
Project("{8BC9CEB8-8B4A-11D0-8D11-00A0C91BC942}") = "BatchEncoder.Core.UnitTests", "tests\BatchEncoder.Core.UnitTests\BatchEncoder.Core.UnitTests.vcxproj", "{35FAE4BB-B00A-4E8F-A093-34353090AECD}"
EndProject
Project("{8BC9CEB8-8B4A-11D0-8D11-00A0C91BC942}") = "BatchEncoder.CLI", "src\cli\BatchEncoder.CLI.vcxproj", "{73CC2D95-5CB0-4783-9B6F-AB0E086E4030}"
EndProject
Global
	GlobalSection(SolutionConfigurationPlatforms) = preSolution
		Debug|Win32 = Debug|Win32
		Debug|x64 = Debug|x64
		Release|Win32 = Release|Win32
		Release|x64 = Release|x64
	EndGlobalSection
	GlobalSection(ProjectConfigurationPlatforms) = postSolution
		{746662AD-C2A1-43B7-87D2-BC45FE80B52B}.Debug|Win32.ActiveCfg = Debug|Win32
		{746662AD-C2A1-43B7-87D2-BC45FE80B52B}.Debug|Win32.Build.0 = Debug|Win32
		{746662AD-C2A1-43B7-87D2-BC45FE80B52B}.Debug|x64.ActiveCfg = Debug|x64
		{746662AD-C2A1-43B7-87D2-BC45FE80B52B}.Debug|x64.Build.0 = Debug|x64
		{746662AD-C2A1-43B7-87D2-BC45FE80B52B}.Release|Win32.ActiveCfg = Release|Win32
		{746662AD-C2A1-43B7-87D2-BC45FE80B52B}.Release|Win32.Build.0 = Release|Win32
		{746662AD-C2A1-43B7-87D2-BC45FE80B52B}.Release|x64.ActiveCfg = Release|x64
		{746662AD-C2A1-43B7-87D2-BC45FE80B52B}.Release|x64.Build.0 = Release|x64
		{5936EB01-037A-4148-A512-DAD975C24CBD}.Debug|Win32.ActiveCfg = Debug|Win32
		{5936EB01-037A-4148-A512-DAD975C24CBD}.Debug|Win32.Build.0 = Debug|Win32
		{5936EB01-037A-4148-A512-DAD975C24CBD}.Debug|x64.ActiveCfg = Debug|x64
		{5936EB01-037A-4148-A512-DAD975C24CBD}.Debug|x64.Build.0 = Debug|x64
		{5936EB01-037A-4148-A512-DAD975C24CBD}.Release|Win32.ActiveCfg = Release|Win32
		{5936EB01-037A-4148-A512-DAD975C24CBD}.Release|Win32.Build.0 = Release|Win32
		{5936EB01-037A-4148-A512-DAD975C24CBD}.Release|x64.ActiveCfg = Release|x64
		{5936EB01-037A-4148-A512-DAD975C24CBD}.Release|x64.Build.0 = Release|x64
		{D3051AAC-8129-45F9-A755-9CBB7C61D91D}.Debug|Win32.ActiveCfg = Debug|Win32
		{D3051AAC-8129-45F9-A755-9CBB7C61D91D}.Debug|Win32.Build.0 = Debug|Win32
		{D3051AAC-8129-45F9-A755-9CBB7C61D91D}.Debug|x64.ActiveCfg = Debug|x64
		{D3051AAC-8129-45F9-A755-9CBB7C61D91D}.Debug|x64.Build.0 = Debug|x64
		{D3051AAC-8129-45F9-A755-9CBB7C61D91D}.Release|Win32.ActiveCfg = Release|Win32
		{D3051AAC-8129-45F9-A755-9CBB7C61D91D}.Release|Win32.Build.0 = Release|Win32
		{D3051AAC-8129-45F9-A755-9CBB7C61D91D}.Release|x64.ActiveCfg = Release|x64
		{D3051AAC-8129-45F9-A755-9CBB7C61D91D}.Release|x64.Build.0 = Release|x64
		{284538AC-D315-437E-AD31-D40934A43236}.Debug|Win32.ActiveCfg = Debug|Win32
		{284538AC-D315-437E-AD31-D40934A43236}.Debug|Win32.Build.0 = Debug|Win32
		{284538AC-D315-437E-AD31-D40934A43236}.Debug|x64.ActiveCfg = Debug|x64
		{284538AC-D315-437E-AD31-D40934A43236}.Debug|x64.Build.0 = Debug|x64
		{284538AC-D315-437E-AD31-D40934A43236}.Release|Win32.ActiveCfg = Release|Win32
		{284538AC-D315-437E-AD31-D40934A43236}.Release|Win32.Build.0 = Release|Win32
		{284538AC-D315-437E-AD31-D40934A43236}.Release|x64.ActiveCfg = Release|x64
		{284538AC-D315-437E-AD31-D40934A43236}.Release|x64.Build.0 = Release|x64
		{4B291D95-C2CA-49E3-9EB5-B9F855D32AA0}.Debug|Win32.ActiveCfg = Debug|Win32
		{4B291D95-C2CA-49E3-9EB5-B9F855D32AA0}.Debug|Win32.Build.0 = Debug|Win32
		{4B291D95-C2CA-49E3-9EB5-B9F855D32AA0}.Debug|x64.ActiveCfg = Debug|x64
		{4B291D95-C2CA-49E3-9EB5-B9F855D32AA0}.Debug|x64.Build.0 = Debug|x64
		{4B291D95-C2CA-49E3-9EB5-B9F855D32AA0}.Release|Win32.ActiveCfg = Release|Win32
		{4B291D95-C2CA-49E3-9EB5-B9F855D32AA0}.Release|Win32.Build.0 = Release|Win32
		{4B291D95-C2CA-49E3-9EB5-B9F855D32AA0}.Release|x64.ActiveCfg = Release|x64
		{4B291D95-C2CA-49E3-9EB5-B9F855D32AA0}.Release|x64.Build.0 = Release|x64
		{35FAE4BB-B00A-4E8F-A093-34353090AECD}.Debug|Win32.ActiveCfg = Debug|Win32
		{35FAE4BB-B00A-4E8F-A093-34353090AECD}.Debug|Win32.Build.0 = Debug|Win32
		{35FAE4BB-B00A-4E8F-A093-34353090AECD}.Debug|x64.ActiveCfg = Debug|x64
		{35FAE4BB-B00A-4E8F-A093-34353090AECD}.Debug|x64.Build.0 = Debug|x64
		{35FAE4BB-B00A-4E8F-A093-34353090AECD}.Release|Win32.ActiveCfg = Release|Win32
		{35FAE4BB-B00A-4E8F-A093-34353090AECD}.Release|Win32.Build.0 = Release|Win32
		{35FAE4BB-B00A-4E8F-A093-34353090AECD}.Release|x64.ActiveCfg = Release|x64
		{35FAE4BB-B00A-4E8F-A093-34353090AECD}.Release|x64.Build.0 = Release|x64
		{73CC2D95-5CB0-4783-9B6F-AB0E086E4030}.Debug|Win32.ActiveCfg = Debug|Win32
		{73CC2D95-5CB0-4783-9B6F-AB0E086E4030}.Debug|Win32.Build.0 = Debug|Win32
		{73CC2D95-5CB0-4783-9B6F-AB0E086E4030}.Debug|x64.ActiveCfg = Debug|x64
		{73CC2D95-5CB0-4783-9B6F-AB0E086E4030}.Debug|x64.Build.0 = Debug|x64
		{73CC2D95-5CB0-4783-9B6F-AB0E086E4030}.Release|Win32.ActiveCfg = Release|Win32
		{73CC2D95-5CB0-4783-9B6F-AB0E086E4030}.Release|Win32.Build.0 = Release|Win32
		{73CC2D95-5CB0-4783-9B6F-AB0E086E4030}.Release|x64.ActiveCfg = Release|x64
		{73CC2D95-5CB0-4783-9B6F-AB0E086E4030}.Release|x64.Build.0 = Release|x64
	EndGlobalSection
	GlobalSection(SolutionProperties) = preSolution
		HideSolutionNode = FALSE
	EndGlobalSection
	GlobalSection(NestedProjects) = preSolution
		{746662AD-C2A1-43B7-87D2-BC45FE80B52B} = {2162C5C6-26D6-4106-BF2E-A313D030299A}
		{5936EB01-037A-4148-A512-DAD975C24CBD} = {831DB234-8DE6-4AC3-A5EC-E9567BE8DF67}
		{D3051AAC-8129-45F9-A755-9CBB7C61D91D} = {831DB234-8DE6-4AC3-A5EC-E9567BE8DF67}
		{284538AC-D315-437E-AD31-D40934A43236} = {831DB234-8DE6-4AC3-A5EC-E9567BE8DF67}
		{4B291D95-C2CA-49E3-9EB5-B9F855D32AA0} = {831DB234-8DE6-4AC3-A5EC-E9567BE8DF67}
		{35FAE4BB-B00A-4E8F-A093-34353090AECD} = {B3FE5579-E60D-4BAB-A72E-E82076C8AFD4}
		{73CC2D95-5CB0-4783-9B6F-AB0E086E4030} = {2162C5C6-26D6-4106-BF2E-A313D030299A}
	EndGlobalSection
	GlobalSection(ExtensibilityGlobals) = postSolution
		SolutionGuid = {37763D67-1229-4E8D-ABED-3786BB37A99D}
	EndGlobalSection
EndGlobal
