
Microsoft Visual Studio Solution File, Format Version 12.00
# Visual Studio 14
VisualStudioVersion = 14.0.25420.1
MinimumVisualStudioVersion = 10.0.40219.1
Project("{8BC9CEB8-8B4A-11D0-8D11-00A0C91BC942}") = "GetProgress_FaacEnc", "Progress\FaacEnc\GetProgress_FaacEnc.vcxproj", "{43F9C4B5-C344-41ED-BA5F-4B5698C50C01}"
EndProject
Project("{8BC9CEB8-8B4A-11D0-8D11-00A0C91BC942}") = "GetProgress_FaadDec", "Progress\FaadDec\GetProgress_FaadDec.vcxproj", "{35EAA98F-BEF3-4964-81AA-0E795B0A2F81}"
EndProject
Project("{8BC9CEB8-8B4A-11D0-8D11-00A0C91BC942}") = "GetProgress_FlacDec", "Progress\FlacDec\GetProgress_FlacDec.vcxproj", "{1455B5C0-9983-4B31-BC36-A594EDFC56F2}"
EndProject
Project("{8BC9CEB8-8B4A-11D0-8D11-00A0C91BC942}") = "GetProgress_FlacEnc", "Progress\FlacEnc\GetProgress_FlacEnc.vcxproj", "{5D2B7163-E350-4FA4-B078-B26DF738B569}"
EndProject
Project("{8BC9CEB8-8B4A-11D0-8D11-00A0C91BC942}") = "GetProgress_LameDec", "Progress\LameDec\GetProgress_LameDec.vcxproj", "{504F7436-25C4-4F3B-89E0-8F8F61C4C362}"
EndProject
Project("{8BC9CEB8-8B4A-11D0-8D11-00A0C91BC942}") = "GetProgress_LameEnc", "Progress\LameEnc\GetProgress_LameEnc.vcxproj", "{9EE9729E-0DE8-4062-9255-B8433BE0EB75}"
EndProject
Project("{8BC9CEB8-8B4A-11D0-8D11-00A0C91BC942}") = "GetProgress_MacDec", "Progress\MacDec\GetProgress_MacDec.vcxproj", "{67AC8932-3CB2-4D9F-A947-B5E6C60F2217}"
EndProject
Project("{8BC9CEB8-8B4A-11D0-8D11-00A0C91BC942}") = "GetProgress_MacEnc", "Progress\MacEnc\GetProgress_MacEnc.vcxproj", "{9D5E96E0-2030-4E7F-A2B1-6BC98221373A}"
EndProject
Project("{8BC9CEB8-8B4A-11D0-8D11-00A0C91BC942}") = "GetProgress_MppDec", "Progress\MppDec\GetProgress_MppDec.vcxproj", "{0FBA75A4-9665-4D11-BFA5-3CD65213314D}"
EndProject
Project("{8BC9CEB8-8B4A-11D0-8D11-00A0C91BC942}") = "GetProgress_MppEnc", "Progress\MppEnc\GetProgress_MppEnc.vcxproj", "{4034E656-41E3-43C1-8DF7-043E5F7A1F54}"
EndProject
Project("{8BC9CEB8-8B4A-11D0-8D11-00A0C91BC942}") = "GetProgress_Null", "Progress\Null\GetProgress_Null.vcxproj", "{9752B6B4-8F95-4869-8A62-16203411DAF1}"
EndProject
Project("{8BC9CEB8-8B4A-11D0-8D11-00A0C91BC942}") = "GetProgress_OfrDec", "Progress\OfrDec\GetProgress_OfrDec.vcxproj", "{A09D154C-B4C6-4ECE-A096-5135ED22E7B0}"
EndProject
Project("{8BC9CEB8-8B4A-11D0-8D11-00A0C91BC942}") = "GetProgress_OfrEnc", "Progress\OfrEnc\GetProgress_OfrEnc.vcxproj", "{0F2AE8AD-246C-4D44-9726-95C3D309B3ED}"
EndProject
Project("{8BC9CEB8-8B4A-11D0-8D11-00A0C91BC942}") = "GetProgress_OggDec", "Progress\OggDec\GetProgress_OggDec.vcxproj", "{7876F114-A5B9-4D0B-A486-F7F38CE2FF18}"
EndProject
Project("{8BC9CEB8-8B4A-11D0-8D11-00A0C91BC942}") = "GetProgress_OggEnc", "Progress\OggEnc\GetProgress_OggEnc.vcxproj", "{08B5AC80-28F2-471B-B183-013F7CBF7F89}"
EndProject
Project("{8BC9CEB8-8B4A-11D0-8D11-00A0C91BC942}") = "GetProgress_SsrcEnc", "Progress\SsrcEnc\GetProgress_SsrcEnc.vcxproj", "{A3A75F2E-D3BE-4277-83AD-38EE2610ACE8}"
EndProject
Project("{8BC9CEB8-8B4A-11D0-8D11-00A0C91BC942}") = "GetProgress_TtaDec", "Progress\TtaDec\GetProgress_TtaDec.vcxproj", "{E75E3AC1-A30C-4A8A-89FB-2335AA6B822A}"
EndProject
Project("{8BC9CEB8-8B4A-11D0-8D11-00A0C91BC942}") = "GetProgress_TtaEnc", "Progress\TtaEnc\GetProgress_TtaEnc.vcxproj", "{D33BC7FA-3985-43D5-9855-5FA151A1F8A5}"
EndProject
Project("{8BC9CEB8-8B4A-11D0-8D11-00A0C91BC942}") = "GetProgress_WavPackEnc", "Progress\WavPackEnc\GetProgress_WavPackEnc.vcxproj", "{035ED98D-43F7-4EBD-AF56-CFB5ABD97FAF}"
EndProject
Project("{8BC9CEB8-8B4A-11D0-8D11-00A0C91BC942}") = "GetProgress_WvUnpackDec", "Progress\WvUnpackDec\GetProgress_WvUnpackDec.vcxproj", "{52804B48-6330-4882-8BB9-0B3AA5B49062}"
EndProject
Global
	GlobalSection(SolutionConfigurationPlatforms) = preSolution
		Debug|Win32 = Debug|Win32
		Debug|x64 = Debug|x64
		Release|Win32 = Release|Win32
		Release|x64 = Release|x64
	EndGlobalSection
	GlobalSection(ProjectConfigurationPlatforms) = postSolution
		{43F9C4B5-C344-41ED-BA5F-4B5698C50C01}.Debug|Win32.ActiveCfg = Debug|Win32
		{43F9C4B5-C344-41ED-BA5F-4B5698C50C01}.Debug|Win32.Build.0 = Debug|Win32
		{43F9C4B5-C344-41ED-BA5F-4B5698C50C01}.Debug|x64.ActiveCfg = Debug|x64
		{43F9C4B5-C344-41ED-BA5F-4B5698C50C01}.Debug|x64.Build.0 = Debug|x64
		{43F9C4B5-C344-41ED-BA5F-4B5698C50C01}.Release|Win32.ActiveCfg = Release|Win32
		{43F9C4B5-C344-41ED-BA5F-4B5698C50C01}.Release|Win32.Build.0 = Release|Win32
		{43F9C4B5-C344-41ED-BA5F-4B5698C50C01}.Release|x64.ActiveCfg = Release|x64
		{43F9C4B5-C344-41ED-BA5F-4B5698C50C01}.Release|x64.Build.0 = Release|x64
		{35EAA98F-BEF3-4964-81AA-0E795B0A2F81}.Debug|Win32.ActiveCfg = Debug|Win32
		{35EAA98F-BEF3-4964-81AA-0E795B0A2F81}.Debug|Win32.Build.0 = Debug|Win32
		{35EAA98F-BEF3-4964-81AA-0E795B0A2F81}.Debug|x64.ActiveCfg = Debug|x64
		{35EAA98F-BEF3-4964-81AA-0E795B0A2F81}.Debug|x64.Build.0 = Debug|x64
		{35EAA98F-BEF3-4964-81AA-0E795B0A2F81}.Release|Win32.ActiveCfg = Release|Win32
		{35EAA98F-BEF3-4964-81AA-0E795B0A2F81}.Release|Win32.Build.0 = Release|Win32
		{35EAA98F-BEF3-4964-81AA-0E795B0A2F81}.Release|x64.ActiveCfg = Release|x64
		{35EAA98F-BEF3-4964-81AA-0E795B0A2F81}.Release|x64.Build.0 = Release|x64
		{1455B5C0-9983-4B31-BC36-A594EDFC56F2}.Debug|Win32.ActiveCfg = Debug|Win32
		{1455B5C0-9983-4B31-BC36-A594EDFC56F2}.Debug|Win32.Build.0 = Debug|Win32
		{1455B5C0-9983-4B31-BC36-A594EDFC56F2}.Debug|x64.ActiveCfg = Debug|x64
		{1455B5C0-9983-4B31-BC36-A594EDFC56F2}.Debug|x64.Build.0 = Debug|x64
		{1455B5C0-9983-4B31-BC36-A594EDFC56F2}.Release|Win32.ActiveCfg = Release|Win32
		{1455B5C0-9983-4B31-BC36-A594EDFC56F2}.Release|Win32.Build.0 = Release|Win32
		{1455B5C0-9983-4B31-BC36-A594EDFC56F2}.Release|x64.ActiveCfg = Release|x64
		{1455B5C0-9983-4B31-BC36-A594EDFC56F2}.Release|x64.Build.0 = Release|x64
		{5D2B7163-E350-4FA4-B078-B26DF738B569}.Debug|Win32.ActiveCfg = Debug|Win32
		{5D2B7163-E350-4FA4-B078-B26DF738B569}.Debug|Win32.Build.0 = Debug|Win32
		{5D2B7163-E350-4FA4-B078-B26DF738B569}.Debug|x64.ActiveCfg = Debug|x64
		{5D2B7163-E350-4FA4-B078-B26DF738B569}.Debug|x64.Build.0 = Debug|x64
		{5D2B7163-E350-4FA4-B078-B26DF738B569}.Release|Win32.ActiveCfg = Release|Win32
		{5D2B7163-E350-4FA4-B078-B26DF738B569}.Release|Win32.Build.0 = Release|Win32
		{5D2B7163-E350-4FA4-B078-B26DF738B569}.Release|x64.ActiveCfg = Release|x64
		{5D2B7163-E350-4FA4-B078-B26DF738B569}.Release|x64.Build.0 = Release|x64
		{504F7436-25C4-4F3B-89E0-8F8F61C4C362}.Debug|Win32.ActiveCfg = Debug|Win32
		{504F7436-25C4-4F3B-89E0-8F8F61C4C362}.Debug|Win32.Build.0 = Debug|Win32
		{504F7436-25C4-4F3B-89E0-8F8F61C4C362}.Debug|x64.ActiveCfg = Debug|x64
		{504F7436-25C4-4F3B-89E0-8F8F61C4C362}.Debug|x64.Build.0 = Debug|x64
		{504F7436-25C4-4F3B-89E0-8F8F61C4C362}.Release|Win32.ActiveCfg = Release|Win32
		{504F7436-25C4-4F3B-89E0-8F8F61C4C362}.Release|Win32.Build.0 = Release|Win32
		{504F7436-25C4-4F3B-89E0-8F8F61C4C362}.Release|x64.ActiveCfg = Release|x64
		{504F7436-25C4-4F3B-89E0-8F8F61C4C362}.Release|x64.Build.0 = Release|x64
		{9EE9729E-0DE8-4062-9255-B8433BE0EB75}.Debug|Win32.ActiveCfg = Debug|Win32
		{9EE9729E-0DE8-4062-9255-B8433BE0EB75}.Debug|Win32.Build.0 = Debug|Win32
		{9EE9729E-0DE8-4062-9255-B8433BE0EB75}.Debug|x64.ActiveCfg = Debug|x64
		{9EE9729E-0DE8-4062-9255-B8433BE0EB75}.Debug|x64.Build.0 = Debug|x64
		{9EE9729E-0DE8-4062-9255-B8433BE0EB75}.Release|Win32.ActiveCfg = Release|Win32
		{9EE9729E-0DE8-4062-9255-B8433BE0EB75}.Release|Win32.Build.0 = Release|Win32
		{9EE9729E-0DE8-4062-9255-B8433BE0EB75}.Release|x64.ActiveCfg = Release|x64
		{9EE9729E-0DE8-4062-9255-B8433BE0EB75}.Release|x64.Build.0 = Release|x64
		{67AC8932-3CB2-4D9F-A947-B5E6C60F2217}.Debug|Win32.ActiveCfg = Debug|Win32
		{67AC8932-3CB2-4D9F-A947-B5E6C60F2217}.Debug|Win32.Build.0 = Debug|Win32
		{67AC8932-3CB2-4D9F-A947-B5E6C60F2217}.Debug|x64.ActiveCfg = Debug|x64
		{67AC8932-3CB2-4D9F-A947-B5E6C60F2217}.Debug|x64.Build.0 = Debug|x64
		{67AC8932-3CB2-4D9F-A947-B5E6C60F2217}.Release|Win32.ActiveCfg = Release|Win32
		{67AC8932-3CB2-4D9F-A947-B5E6C60F2217}.Release|Win32.Build.0 = Release|Win32
		{67AC8932-3CB2-4D9F-A947-B5E6C60F2217}.Release|x64.ActiveCfg = Release|x64
		{67AC8932-3CB2-4D9F-A947-B5E6C60F2217}.Release|x64.Build.0 = Release|x64
		{9D5E96E0-2030-4E7F-A2B1-6BC98221373A}.Debug|Win32.ActiveCfg = Debug|Win32
		{9D5E96E0-2030-4E7F-A2B1-6BC98221373A}.Debug|Win32.Build.0 = Debug|Win32
		{9D5E96E0-2030-4E7F-A2B1-6BC98221373A}.Debug|x64.ActiveCfg = Debug|x64
		{9D5E96E0-2030-4E7F-A2B1-6BC98221373A}.Debug|x64.Build.0 = Debug|x64
		{9D5E96E0-2030-4E7F-A2B1-6BC98221373A}.Release|Win32.ActiveCfg = Release|Win32
		{9D5E96E0-2030-4E7F-A2B1-6BC98221373A}.Release|Win32.Build.0 = Release|Win32
		{9D5E96E0-2030-4E7F-A2B1-6BC98221373A}.Release|x64.ActiveCfg = Release|x64
		{9D5E96E0-2030-4E7F-A2B1-6BC98221373A}.Release|x64.Build.0 = Release|x64
		{0FBA75A4-9665-4D11-BFA5-3CD65213314D}.Debug|Win32.ActiveCfg = Debug|Win32
		{0FBA75A4-9665-4D11-BFA5-3CD65213314D}.Debug|Win32.Build.0 = Debug|Win32
		{0FBA75A4-9665-4D11-BFA5-3CD65213314D}.Debug|x64.ActiveCfg = Debug|x64
		{0FBA75A4-9665-4D11-BFA5-3CD65213314D}.Debug|x64.Build.0 = Debug|x64
		{0FBA75A4-9665-4D11-BFA5-3CD65213314D}.Release|Win32.ActiveCfg = Release|Win32
		{0FBA75A4-9665-4D11-BFA5-3CD65213314D}.Release|Win32.Build.0 = Release|Win32
		{0FBA75A4-9665-4D11-BFA5-3CD65213314D}.Release|x64.ActiveCfg = Release|x64
		{0FBA75A4-9665-4D11-BFA5-3CD65213314D}.Release|x64.Build.0 = Release|x64
		{4034E656-41E3-43C1-8DF7-043E5F7A1F54}.Debug|Win32.ActiveCfg = Debug|Win32
		{4034E656-41E3-43C1-8DF7-043E5F7A1F54}.Debug|Win32.Build.0 = Debug|Win32
		{4034E656-41E3-43C1-8DF7-043E5F7A1F54}.Debug|x64.ActiveCfg = Debug|x64
		{4034E656-41E3-43C1-8DF7-043E5F7A1F54}.Debug|x64.Build.0 = Debug|x64
		{4034E656-41E3-43C1-8DF7-043E5F7A1F54}.Release|Win32.ActiveCfg = Release|Win32
		{4034E656-41E3-43C1-8DF7-043E5F7A1F54}.Release|Win32.Build.0 = Release|Win32
		{4034E656-41E3-43C1-8DF7-043E5F7A1F54}.Release|x64.ActiveCfg = Release|x64
		{4034E656-41E3-43C1-8DF7-043E5F7A1F54}.Release|x64.Build.0 = Release|x64
		{9752B6B4-8F95-4869-8A62-16203411DAF1}.Debug|Win32.ActiveCfg = Debug|Win32
		{9752B6B4-8F95-4869-8A62-16203411DAF1}.Debug|Win32.Build.0 = Debug|Win32
		{9752B6B4-8F95-4869-8A62-16203411DAF1}.Debug|x64.ActiveCfg = Debug|x64
		{9752B6B4-8F95-4869-8A62-16203411DAF1}.Debug|x64.Build.0 = Debug|x64
		{9752B6B4-8F95-4869-8A62-16203411DAF1}.Release|Win32.ActiveCfg = Release|Win32
		{9752B6B4-8F95-4869-8A62-16203411DAF1}.Release|Win32.Build.0 = Release|Win32
		{9752B6B4-8F95-4869-8A62-16203411DAF1}.Release|x64.ActiveCfg = Release|x64
		{9752B6B4-8F95-4869-8A62-16203411DAF1}.Release|x64.Build.0 = Release|x64
		{A09D154C-B4C6-4ECE-A096-5135ED22E7B0}.Debug|Win32.ActiveCfg = Debug|Win32
		{A09D154C-B4C6-4ECE-A096-5135ED22E7B0}.Debug|Win32.Build.0 = Debug|Win32
		{A09D154C-B4C6-4ECE-A096-5135ED22E7B0}.Debug|x64.ActiveCfg = Debug|x64
		{A09D154C-B4C6-4ECE-A096-5135ED22E7B0}.Debug|x64.Build.0 = Debug|x64
		{A09D154C-B4C6-4ECE-A096-5135ED22E7B0}.Release|Win32.ActiveCfg = Release|Win32
		{A09D154C-B4C6-4ECE-A096-5135ED22E7B0}.Release|Win32.Build.0 = Release|Win32
		{A09D154C-B4C6-4ECE-A096-5135ED22E7B0}.Release|x64.ActiveCfg = Release|x64
		{A09D154C-B4C6-4ECE-A096-5135ED22E7B0}.Release|x64.Build.0 = Release|x64
		{0F2AE8AD-246C-4D44-9726-95C3D309B3ED}.Debug|Win32.ActiveCfg = Debug|Win32
		{0F2AE8AD-246C-4D44-9726-95C3D309B3ED}.Debug|Win32.Build.0 = Debug|Win32
		{0F2AE8AD-246C-4D44-9726-95C3D309B3ED}.Debug|x64.ActiveCfg = Debug|x64
		{0F2AE8AD-246C-4D44-9726-95C3D309B3ED}.Debug|x64.Build.0 = Debug|x64
		{0F2AE8AD-246C-4D44-9726-95C3D309B3ED}.Release|Win32.ActiveCfg = Release|Win32
		{0F2AE8AD-246C-4D44-9726-95C3D309B3ED}.Release|Win32.Build.0 = Release|Win32
		{0F2AE8AD-246C-4D44-9726-95C3D309B3ED}.Release|x64.ActiveCfg = Release|x64
		{0F2AE8AD-246C-4D44-9726-95C3D309B3ED}.Release|x64.Build.0 = Release|x64
		{7876F114-A5B9-4D0B-A486-F7F38CE2FF18}.Debug|Win32.ActiveCfg = Debug|Win32
		{7876F114-A5B9-4D0B-A486-F7F38CE2FF18}.Debug|Win32.Build.0 = Debug|Win32
		{7876F114-A5B9-4D0B-A486-F7F38CE2FF18}.Debug|x64.ActiveCfg = Debug|x64
		{7876F114-A5B9-4D0B-A486-F7F38CE2FF18}.Debug|x64.Build.0 = Debug|x64
		{7876F114-A5B9-4D0B-A486-F7F38CE2FF18}.Release|Win32.ActiveCfg = Release|Win32
		{7876F114-A5B9-4D0B-A486-F7F38CE2FF18}.Release|Win32.Build.0 = Release|Win32
		{7876F114-A5B9-4D0B-A486-F7F38CE2FF18}.Release|x64.ActiveCfg = Release|x64
		{7876F114-A5B9-4D0B-A486-F7F38CE2FF18}.Release|x64.Build.0 = Release|x64
		{08B5AC80-28F2-471B-B183-013F7CBF7F89}.Debug|Win32.ActiveCfg = Debug|Win32
		{08B5AC80-28F2-471B-B183-013F7CBF7F89}.Debug|Win32.Build.0 = Debug|Win32
		{08B5AC80-28F2-471B-B183-013F7CBF7F89}.Debug|x64.ActiveCfg = Debug|x64
		{08B5AC80-28F2-471B-B183-013F7CBF7F89}.Debug|x64.Build.0 = Debug|x64
		{08B5AC80-28F2-471B-B183-013F7CBF7F89}.Release|Win32.ActiveCfg = Release|Win32
		{08B5AC80-28F2-471B-B183-013F7CBF7F89}.Release|Win32.Build.0 = Release|Win32
		{08B5AC80-28F2-471B-B183-013F7CBF7F89}.Release|x64.ActiveCfg = Release|x64
		{08B5AC80-28F2-471B-B183-013F7CBF7F89}.Release|x64.Build.0 = Release|x64
		{A3A75F2E-D3BE-4277-83AD-38EE2610ACE8}.Debug|Win32.ActiveCfg = Debug|Win32
		{A3A75F2E-D3BE-4277-83AD-38EE2610ACE8}.Debug|Win32.Build.0 = Debug|Win32
		{A3A75F2E-D3BE-4277-83AD-38EE2610ACE8}.Debug|x64.ActiveCfg = Debug|x64
		{A3A75F2E-D3BE-4277-83AD-38EE2610ACE8}.Debug|x64.Build.0 = Debug|x64
		{A3A75F2E-D3BE-4277-83AD-38EE2610ACE8}.Release|Win32.ActiveCfg = Release|Win32
		{A3A75F2E-D3BE-4277-83AD-38EE2610ACE8}.Release|Win32.Build.0 = Release|Win32
		{A3A75F2E-D3BE-4277-83AD-38EE2610ACE8}.Release|x64.ActiveCfg = Release|x64
		{A3A75F2E-D3BE-4277-83AD-38EE2610ACE8}.Release|x64.Build.0 = Release|x64
		{E75E3AC1-A30C-4A8A-89FB-2335AA6B822A}.Debug|Win32.ActiveCfg = Debug|Win32
		{E75E3AC1-A30C-4A8A-89FB-2335AA6B822A}.Debug|Win32.Build.0 = Debug|Win32
		{E75E3AC1-A30C-4A8A-89FB-2335AA6B822A}.Debug|x64.ActiveCfg = Debug|x64
		{E75E3AC1-A30C-4A8A-89FB-2335AA6B822A}.Debug|x64.Build.0 = Debug|x64
		{E75E3AC1-A30C-4A8A-89FB-2335AA6B822A}.Release|Win32.ActiveCfg = Release|Win32
		{E75E3AC1-A30C-4A8A-89FB-2335AA6B822A}.Release|Win32.Build.0 = Release|Win32
		{E75E3AC1-A30C-4A8A-89FB-2335AA6B822A}.Release|x64.ActiveCfg = Release|x64
		{E75E3AC1-A30C-4A8A-89FB-2335AA6B822A}.Release|x64.Build.0 = Release|x64
		{D33BC7FA-3985-43D5-9855-5FA151A1F8A5}.Debug|Win32.ActiveCfg = Debug|Win32
		{D33BC7FA-3985-43D5-9855-5FA151A1F8A5}.Debug|Win32.Build.0 = Debug|Win32
		{D33BC7FA-3985-43D5-9855-5FA151A1F8A5}.Debug|x64.ActiveCfg = Debug|x64
		{D33BC7FA-3985-43D5-9855-5FA151A1F8A5}.Debug|x64.Build.0 = Debug|x64
		{D33BC7FA-3985-43D5-9855-5FA151A1F8A5}.Release|Win32.ActiveCfg = Release|Win32
		{D33BC7FA-3985-43D5-9855-5FA151A1F8A5}.Release|Win32.Build.0 = Release|Win32
		{D33BC7FA-3985-43D5-9855-5FA151A1F8A5}.Release|x64.ActiveCfg = Release|x64
		{D33BC7FA-3985-43D5-9855-5FA151A1F8A5}.Release|x64.Build.0 = Release|x64
		{035ED98D-43F7-4EBD-AF56-CFB5ABD97FAF}.Debug|Win32.ActiveCfg = Debug|Win32
		{035ED98D-43F7-4EBD-AF56-CFB5ABD97FAF}.Debug|Win32.Build.0 = Debug|Win32
		{035ED98D-43F7-4EBD-AF56-CFB5ABD97FAF}.Debug|x64.ActiveCfg = Debug|x64
		{035ED98D-43F7-4EBD-AF56-CFB5ABD97FAF}.Debug|x64.Build.0 = Debug|x64
		{035ED98D-43F7-4EBD-AF56-CFB5ABD97FAF}.Release|Win32.ActiveCfg = Release|Win32
		{035ED98D-43F7-4EBD-AF56-CFB5ABD97FAF}.Release|Win32.Build.0 = Release|Win32
		{035ED98D-43F7-4EBD-AF56-CFB5ABD97FAF}.Release|x64.ActiveCfg = Release|x64
		{035ED98D-43F7-4EBD-AF56-CFB5ABD97FAF}.Release|x64.Build.0 = Release|x64
		{52804B48-6330-4882-8BB9-0B3AA5B49062}.Debug|Win32.ActiveCfg = Debug|Win32
		{52804B48-6330-4882-8BB9-0B3AA5B49062}.Debug|Win32.Build.0 = Debug|Win32
		{52804B48-6330-4882-8BB9-0B3AA5B49062}.Debug|x64.ActiveCfg = Debug|x64
		{52804B48-6330-4882-8BB9-0B3AA5B49062}.Debug|x64.Build.0 = Debug|x64
		{52804B48-6330-4882-8BB9-0B3AA5B49062}.Release|Win32.ActiveCfg = Release|Win32
		{52804B48-6330-4882-8BB9-0B3AA5B49062}.Release|Win32.Build.0 = Release|Win32
		{52804B48-6330-4882-8BB9-0B3AA5B49062}.Release|x64.ActiveCfg = Release|x64
		{52804B48-6330-4882-8BB9-0B3AA5B49062}.Release|x64.Build.0 = Release|x64
	EndGlobalSection
	GlobalSection(SolutionProperties) = preSolution
		HideSolutionNode = FALSE
	EndGlobalSection
EndGlobal
