<?xml version="1.0" encoding="utf-8"?>
<Project ToolsVersion="4.0" xmlns="http://schemas.microsoft.com/developer/msbuild/2003">
  <ItemGroup>
    <Filter Include="Source Files">
      <UniqueIdentifier>{4FC737F1-C7A5-4376-A066-2A32D752A2FF}</UniqueIdentifier>
      <Extensions>cpp;c;cc;cxx;def;odl;idl;hpj;bat;asm;asmx</Extensions>
    </Filter>
    <Filter Include="Header Files">
      <UniqueIdentifier>{93995380-89BD-4b04-88EB-625FBE52EBFB}</UniqueIdentifier>
      <Extensions>h;hh;hpp;hxx;hm;inl;inc;xsd</Extensions>
    </Filter>
    <Filter Include="Resource Files">
      <UniqueIdentifier>{67DA6AB6-F800-4c08-8B7A-83BB121AAD01}</UniqueIdentifier>
      <Extensions>rc;ico;cur;bmp;dlg;rc2;rct;bin;rgs;gif;jpg;jpeg;jpe;resx;tiff;tif;png;wav;mfcribbon-ms</Extensions>
    </Filter>
    <Filter Include="Header Files\Config">
      <UniqueIdentifier>{a17ef873-cc5e-480b-8c81-94276620f8c3}</UniqueIdentifier>
    </Filter>
    <Filter Include="Header Files\Worker">
      <UniqueIdentifier>{087f65c2-e381-44b0-984a-5890f76ecaef}</UniqueIdentifier>
    </Filter>
    <Filter Include="Header Files\Lua">
      <UniqueIdentifier>{8ee8df10-39db-40e6-9646-7994fc13d971}</UniqueIdentifier>
    </Filter>
    <Filter Include="Source Files\Lua">
      <UniqueIdentifier>{23b1a1b3-1d7c-44e3-a609-5186fb5e3ce4}</UniqueIdentifier>
    </Filter>
    <Filter Include="Header Files\TinyXml2">
      <UniqueIdentifier>{4d86e781-772e-48a4-8a4f-150753c5928c}</UniqueIdentifier>
    </Filter>
    <Filter Include="Source Files\TinyXml2">
      <UniqueIdentifier>{32b2321b-b36d-45c7-9374-a8559a10eb3b}</UniqueIdentifier>
    </Filter>
  </ItemGroup>
  <ItemGroup>
    <ClCompile Include="main.cpp">
      <Filter>Source Files</Filter>
    </ClCompile>
    <ClCompile Include="..\common\lua\lua\src\lapi.c">
      <Filter>Source Files\Lua</Filter>
    </ClCompile>
    <ClCompile Include="..\common\lua\lua\src\lauxlib.c">
      <Filter>Source Files\Lua</Filter>
    </ClCompile>
    <ClCompile Include="..\common\lua\lua\src\lbaselib.c">
      <Filter>Source Files\Lua</Filter>
    </ClCompile>
    <ClCompile Include="..\common\lua\lua\src\lbitlib.c">
      <Filter>Source Files\Lua</Filter>
    </ClCompile>
    <ClCompile Include="..\common\lua\lua\src\lcode.c">
      <Filter>Source Files\Lua</Filter>
    </ClCompile>
    <ClCompile Include="..\common\lua\lua\src\lcorolib.c">
      <Filter>Source Files\Lua</Filter>
    </ClCompile>
    <ClCompile Include="..\common\lua\lua\src\lctype.c">
      <Filter>Source Files\Lua</Filter>
    </ClCompile>
    <ClCompile Include="..\common\lua\lua\src\ldblib.c">
      <Filter>Source Files\Lua</Filter>
    </ClCompile>
    <ClCompile Include="..\common\lua\lua\src\ldebug.c">
      <Filter>Source Files\Lua</Filter>
    </ClCompile>
    <ClCompile Include="..\common\lua\lua\src\ldo.c">
      <Filter>Source Files\Lua</Filter>
    </ClCompile>
    <ClCompile Include="..\common\lua\lua\src\ldump.c">
      <Filter>Source Files\Lua</Filter>
    </ClCompile>
    <ClCompile Include="..\common\lua\lua\src\lfunc.c">
      <Filter>Source Files\Lua</Filter>
    </ClCompile>
    <ClCompile Include="..\common\lua\lua\src\lgc.c">
      <Filter>Source Files\Lua</Filter>
    </ClCompile>
    <ClCompile Include="..\common\lua\lua\src\linit.c">
      <Filter>Source Files\Lua</Filter>
    </ClCompile>
    <ClCompile Include="..\common\lua\lua\src\liolib.c">
      <Filter>Source Files\Lua</Filter>
    </ClCompile>
    <ClCompile Include="..\common\lua\lua\src\llex.c">
      <Filter>Source Files\Lua</Filter>
    </ClCompile>
    <ClCompile Include="..\common\lua\lua\src\lmathlib.c">
      <Filter>Source Files\Lua</Filter>
    </ClCompile>
    <ClCompile Include="..\common\lua\lua\src\lmem.c">
      <Filter>Source Files\Lua</Filter>
    </ClCompile>
    <ClCompile Include="..\common\lua\lua\src\loadlib.c">
      <Filter>Source Files\Lua</Filter>
    </ClCompile>
    <ClCompile Include="..\common\lua\lua\src\lobject.c">
      <Filter>Source Files\Lua</Filter>
    </ClCompile>
    <ClCompile Include="..\common\lua\lua\src\lopcodes.c">
      <Filter>Source Files\Lua</Filter>
    </ClCompile>
    <ClCompile Include="..\common\lua\lua\src\loslib.c">
      <Filter>Source Files\Lua</Filter>
    </ClCompile>
    <ClCompile Include="..\common\lua\lua\src\lparser.c">
      <Filter>Source Files\Lua</Filter>
    </ClCompile>
    <ClCompile Include="..\common\lua\lua\src\lstate.c">
      <Filter>Source Files\Lua</Filter>
    </ClCompile>
    <ClCompile Include="..\common\lua\lua\src\lstring.c">
      <Filter>Source Files\Lua</Filter>
    </ClCompile>
    <ClCompile Include="..\common\lua\lua\src\lstrlib.c">
      <Filter>Source Files\Lua</Filter>
    </ClCompile>
    <ClCompile Include="..\common\lua\lua\src\ltable.c">
      <Filter>Source Files\Lua</Filter>
    </ClCompile>
    <ClCompile Include="..\common\lua\lua\src\ltablib.c">
      <Filter>Source Files\Lua</Filter>
    </ClCompile>
    <ClCompile Include="..\common\lua\lua\src\ltm.c">
      <Filter>Source Files\Lua</Filter>
    </ClCompile>
    <ClCompile Include="..\common\lua\lua\src\lundump.c">
      <Filter>Source Files\Lua</Filter>
    </ClCompile>
    <ClCompile Include="..\common\lua\lua\src\lutf8lib.c">
      <Filter>Source Files\Lua</Filter>
    </ClCompile>
    <ClCompile Include="..\common\lua\lua\src\lvm.c">
      <Filter>Source Files\Lua</Filter>
    </ClCompile>
    <ClCompile Include="..\common\lua\lua\src\lzio.c">
      <Filter>Source Files\Lua</Filter>
    </ClCompile>
    <ClCompile Include="..\common\tinyxml2\tinyxml2.cpp">
      <Filter>Source Files\TinyXml2</Filter>
    </ClCompile>
  </ItemGroup>
  <ItemGroup>
    <ClInclude Include="mainapp.h">
      <Filter>Header Files</Filter>
    </ClInclude>
    <ClInclude Include="..\core\config\Config.h">
      <Filter>Header Files\Config</Filter>
    </ClInclude>
    <ClInclude Include="..\core\config\Format.h">
      <Filter>Header Files\Config</Filter>
    </ClInclude>
    <ClInclude Include="..\core\config\Item.h">
      <Filter>Header Files\Config</Filter>
    </ClInclude>
    <ClInclude Include="..\core\config\Language.h">
      <Filter>Header Files\Config</Filter>
    </ClInclude>
    <ClInclude Include="..\core\config\Options.h">
      <Filter>Header Files\Config</Filter>
    </ClInclude>
    <ClInclude Include="..\core\config\Path.h">
      <Filter>Header Files\Config</Filter>
    </ClInclude>
    <ClInclude Include="..\core\config\Preset.h">
      <Filter>Header Files\Config</Filter>
    </ClInclude>
    <ClInclude Include="..\core\config\Settings.h">
      <Filter>Header Files\Config</Filter>
    </ClInclude>
    <ClInclude Include="..\core\config\Strings.h">
      <Filter>Header Files\Config</Filter>
    </ClInclude>
    <ClInclude Include="..\core\config\Tool.h">
      <Filter>Header Files\Config</Filter>
    </ClInclude>
    <ClInclude Include="..\core\worker\CommandLine.h">
      <Filter>Header Files\Worker</Filter>
    </ClInclude>
    <ClInclude Include="..\core\worker\InputPath.h">
      <Filter>Header Files\Worker</Filter>
    </ClInclude>
    <ClInclude Include="..\core\worker\LuaProgess.h">
      <Filter>Header Files\Worker</Filter>
    </ClInclude>
    <ClInclude Include="..\core\worker\OutputPath.h">
      <Filter>Header Files\Worker</Filter>
    </ClInclude>
    <ClInclude Include="..\core\worker\ToolDownloader.h">
      <Filter>Header Files\Worker</Filter>
    </ClInclude>
    <ClInclude Include="..\core\worker\Win32.h">
      <Filter>Header Files\Worker</Filter>
    </ClInclude>
    <ClInclude Include="..\core\worker\Worker.h">
      <Filter>Header Files\Worker</Filter>
    </ClInclude>
    <ClInclude Include="..\core\worker\WorkerContext.h">
      <Filter>Header Files\Worker</Filter>
    </ClInclude>
    <ClInclude Include="..\common\lua\lua\src\lapi.h">
      <Filter>Header Files\Lua</Filter>
    </ClInclude>
    <ClInclude Include="..\common\lua\lua\src\lauxlib.h">
      <Filter>Header Files\Lua</Filter>
    </ClInclude>
    <ClInclude Include="..\common\lua\lua\src\lcode.h">
      <Filter>Header Files\Lua</Filter>
    </ClInclude>
    <ClInclude Include="..\common\lua\lua\src\lctype.h">
      <Filter>Header Files\Lua</Filter>
    </ClInclude>
    <ClInclude Include="..\common\lua\lua\src\ldebug.h">
      <Filter>Header Files\Lua</Filter>
    </ClInclude>
    <ClInclude Include="..\common\lua\lua\src\ldo.h">
      <Filter>Header Files\Lua</Filter>
    </ClInclude>
    <ClInclude Include="..\common\lua\lua\src\lfunc.h">
      <Filter>Header Files\Lua</Filter>
    </ClInclude>
    <ClInclude Include="..\common\lua\lua\src\lgc.h">
      <Filter>Header Files\Lua</Filter>
    </ClInclude>
    <ClInclude Include="..\common\lua\lua\src\llex.h">
      <Filter>Header Files\Lua</Filter>
    </ClInclude>
    <ClInclude Include="..\common\lua\lua\src\llimits.h">
      <Filter>Header Files\Lua</Filter>
    </ClInclude>
    <ClInclude Include="..\common\lua\lua\src\lmem.h">
      <Filter>Header Files\Lua</Filter>
    </ClInclude>
    <ClInclude Include="..\common\lua\lua\src\lobject.h">
      <Filter>Header Files\Lua</Filter>
    </ClInclude>
    <ClInclude Include="..\common\lua\lua\src\lopcodes.h">
      <Filter>Header Files\Lua</Filter>
    </ClInclude>
    <ClInclude Include="..\common\lua\lua\src\lparser.h">
      <Filter>Header Files\Lua</Filter>
    </ClInclude>
    <ClInclude Include="..\common\lua\lua\src\lprefix.h">
      <Filter>Header Files\Lua</Filter>
    </ClInclude>
    <ClInclude Include="..\common\lua\lua\src\lstate.h">
      <Filter>Header Files\Lua</Filter>
    </ClInclude>
    <ClInclude Include="..\common\lua\lua\src\lstring.h">
      <Filter>Header Files\Lua</Filter>
    </ClInclude>
    <ClInclude Include="..\common\lua\lua\src\ltable.h">
      <Filter>Header Files\Lua</Filter>
    </ClInclude>
    <ClInclude Include="..\common\lua\lua\src\ltm.h">
      <Filter>Header Files\Lua</Filter>
    </ClInclude>
    <ClInclude Include="..\common\lua\lua\src\lua.h">
      <Filter>Header Files\Lua</Filter>
    </ClInclude>
    <ClInclude Include="..\common\lua\lua\src\lua.hpp">
      <Filter>Header Files\Lua</Filter>
    </ClInclude>
    <ClInclude Include="..\common\lua\lua\src\luaconf.h">
      <Filter>Header Files\Lua</Filter>
    </ClInclude>
    <ClInclude Include="..\common\lua\lua\src\lualib.h">
      <Filter>Header Files\Lua</Filter>
    </ClInclude>
    <ClInclude Include="..\common\lua\lua\src\lundump.h">
      <Filter>Header Files\Lua</Filter>
    </ClInclude>
    <ClInclude Include="..\common\lua\lua\src\lvm.h">
      <Filter>Header Files\Lua</Filter>
    </ClInclude>
    <ClInclude Include="..\common\lua\lua\src\lzio.h">
      <Filter>Header Files\Lua</Filter>
    </ClInclude>
    <ClInclude Include="..\common\tinyxml2\tinyxml2.h">
      <Filter>Header Files\TinyXml2</Filter>
    </ClInclude>
  </ItemGroup>
</Project>