<?xml version="1.0" encoding="utf-8"?>
<Project ToolsVersion="4.0" xmlns="http://schemas.microsoft.com/developer/msbuild/2003">
  <ItemGroup>
    <Filter Include="Source Files">
      <UniqueIdentifier>{4FC737F1-C7A5-4376-A066-2A32D752A2FF}</UniqueIdentifier>
      <Extensions>cpp;c;cc;cxx;def;odl;idl;hpj;bat;asm;asmx</Extensions>
    </Filter>
    <Filter Include="Header Files">
      <UniqueIdentifier>{93995380-89BD-4b04-88EB-625FBE52EBFB}</UniqueIdentifier>
      <Extensions>h;hh;hpp;hxx;hm;inl;inc;xsd</Extensions>
    </Filter>
    <Filter Include="Resource Files">
      <UniqueIdentifier>{67DA6AB6-F800-4c08-8B7A-83BB121AAD01}</UniqueIdentifier>
      <Extensions>rc;ico;cur;bmp;dlg;rc2;rct;bin;rgs;gif;jpg;jpeg;jpe;resx;tiff;tif;png;wav;mfcribbon-ms</Extensions>
    </Filter>
    <Filter Include="Source Files\Worker">
      <UniqueIdentifier>{06c60c87-54da-4e70-8fcd-2545f7b2ab4d}</UniqueIdentifier>
    </Filter>
    <Filter Include="Header Files\Xml">
      <UniqueIdentifier>{4813f535-920f-4387-b544-929464db517f}</UniqueIdentifier>
    </Filter>
    <Filter Include="Header Files\Worker">
      <UniqueIdentifier>{bb989857-60a6-4683-96b4-13acfc42ee6f}</UniqueIdentifier>
    </Filter>
    <Filter Include="Header Files\Configuration">
      <UniqueIdentifier>{785ded21-51bf-4ad7-a04b-af8a49d822ee}</UniqueIdentifier>
    </Filter>
    <Filter Include="Header Files\Worker\Parser">
      <UniqueIdentifier>{7cc6fc87-d6e0-4b5d-a129-34d19b9a12af}</UniqueIdentifier>
    </Filter>
    <Filter Include="Header Files\Worker\Pipes">
      <UniqueIdentifier>{3642b606-1b41-4af0-88ce-a45ade6d6aa5}</UniqueIdentifier>
    </Filter>
    <Filter Include="Header Files\Worker\Tools">
      <UniqueIdentifier>{d4e3457b-ac54-4e4b-bf47-79a4686c1c04}</UniqueIdentifier>
    </Filter>
  </ItemGroup>
  <ItemGroup>
    <ClInclude Include="stdafx.h">
      <Filter>Header Files</Filter>
    </ClInclude>
    <ClInclude Include="targetver.h">
      <Filter>Header Files</Filter>
    </ClInclude>
    <ClInclude Include="configuration\Configuration.h">
      <Filter>Header Files\Configuration</Filter>
    </ClInclude>
    <ClInclude Include="configuration\Format.h">
      <Filter>Header Files\Configuration</Filter>
    </ClInclude>
    <ClInclude Include="configuration\FormatsList.h">
      <Filter>Header Files\Configuration</Filter>
    </ClInclude>
    <ClInclude Include="configuration\Item.h">
      <Filter>Header Files\Configuration</Filter>
    </ClInclude>
    <ClInclude Include="configuration\ItemsList.h">
      <Filter>Header Files\Configuration</Filter>
    </ClInclude>
    <ClInclude Include="configuration\Options.h">
      <Filter>Header Files\Configuration</Filter>
    </ClInclude>
    <ClInclude Include="configuration\Path.h">
      <Filter>Header Files\Configuration</Filter>
    </ClInclude>
    <ClInclude Include="configuration\PathsList.h">
      <Filter>Header Files\Configuration</Filter>
    </ClInclude>
    <ClInclude Include="configuration\Preset.h">
      <Filter>Header Files\Configuration</Filter>
    </ClInclude>
    <ClInclude Include="configuration\PresetsList.h">
      <Filter>Header Files\Configuration</Filter>
    </ClInclude>
    <ClInclude Include="configuration\Settings.h">
      <Filter>Header Files\Configuration</Filter>
    </ClInclude>
    <ClInclude Include="configuration\StringHelper.h">
      <Filter>Header Files\Configuration</Filter>
    </ClInclude>
    <ClInclude Include="configuration\Strings.h">
      <Filter>Header Files\Configuration</Filter>
    </ClInclude>
    <ClInclude Include="configuration\Tool.h">
      <Filter>Header Files\Configuration</Filter>
    </ClInclude>
    <ClInclude Include="configuration\ToolsList.h">
      <Filter>Header Files\Configuration</Filter>
    </ClInclude>
    <ClInclude Include="worker\ToolUtilities.h">
      <Filter>Header Files\Worker\Tools</Filter>
    </ClInclude>
    <ClInclude Include="worker\FileToPipeWriter.h">
      <Filter>Header Files\Worker\Pipes</Filter>
    </ClInclude>
    <ClInclude Include="worker\PipeToFileWriter.h">
      <Filter>Header Files\Worker\Pipes</Filter>
    </ClInclude>
    <ClInclude Include="worker\PipeToStringWriter.h">
      <Filter>Header Files\Worker\Pipes</Filter>
    </ClInclude>
    <ClInclude Include="worker\DebugOutputParser.h">
      <Filter>Header Files\Worker\Parser</Filter>
    </ClInclude>
    <ClInclude Include="worker\LuaOutputParser.h">
      <Filter>Header Files\Worker\Parser</Filter>
    </ClInclude>
    <ClInclude Include="worker\LuaProgess.h">
      <Filter>Header Files\Worker\Parser</Filter>
    </ClInclude>
    <ClInclude Include="worker\OutputParser.h">
      <Filter>Header Files\Worker\Parser</Filter>
    </ClInclude>
    <ClInclude Include="worker\CommandLine.h">
      <Filter>Header Files\Worker</Filter>
    </ClInclude>
    <ClInclude Include="worker\OutputPath.h">
      <Filter>Header Files\Worker</Filter>
    </ClInclude>
    <ClInclude Include="worker\Worker.h">
      <Filter>Header Files\Worker</Filter>
    </ClInclude>
    <ClInclude Include="worker\WorkerContext.h">
      <Filter>Header Files\Worker</Filter>
    </ClInclude>
    <ClInclude Include="xml\XmlConfig.h">
      <Filter>Header Files\Xml</Filter>
    </ClInclude>
    <ClInclude Include="xml\XmlFormats.h">
      <Filter>Header Files\Xml</Filter>
    </ClInclude>
    <ClInclude Include="xml\XmlItems.h">
      <Filter>Header Files\Xml</Filter>
    </ClInclude>
    <ClInclude Include="xml\XmlLanguages.h">
      <Filter>Header Files\Xml</Filter>
    </ClInclude>
    <ClInclude Include="xml\XmlOptions.h">
      <Filter>Header Files\Xml</Filter>
    </ClInclude>
    <ClInclude Include="xml\XmlPresets.h">
      <Filter>Header Files\Xml</Filter>
    </ClInclude>
    <ClInclude Include="xml\XmlTools.h">
      <Filter>Header Files\Xml</Filter>
    </ClInclude>
  </ItemGroup>
  <ItemGroup>
    <ClCompile Include="stdafx.cpp">
      <Filter>Source Files</Filter>
    </ClCompile>
    <ClCompile Include="worker\Worker.cpp">
      <Filter>Source Files\Worker</Filter>
    </ClCompile>
  </ItemGroup>
</Project>