<?xml version="1.0" encoding="utf-8"?>
<Project ToolsVersion="4.0" xmlns="http://schemas.microsoft.com/developer/msbuild/2003">
  <ItemGroup>
    <Filter Include="Source Files">
      <UniqueIdentifier>{4FC737F1-C7A5-4376-A066-2A32D752A2FF}</UniqueIdentifier>
      <Extensions>cpp;c;cxx;def;odl;idl;hpj;bat;asm;asmx</Extensions>
    </Filter>
    <Filter Include="Header Files">
      <UniqueIdentifier>{93995380-89BD-4b04-88EB-625FBE52EBFB}</UniqueIdentifier>
      <Extensions>h;hpp;hxx;hm;inl;inc;xsd</Extensions>
    </Filter>
    <Filter Include="Resource Files">
      <UniqueIdentifier>{67DA6AB6-F800-4c08-8B7A-83BB121AAD01}</UniqueIdentifier>
      <Extensions>rc;ico;cur;bmp;dlg;rc2;rct;bin;rgs;gif;jpg;jpeg;jpe;resx</Extensions>
    </Filter>
    <Filter Include="Source Files\Controls">
      <UniqueIdentifier>{127b5b18-70df-43ba-80d3-bd58b5825b93}</UniqueIdentifier>
    </Filter>
    <Filter Include="Header Files\Controls">
      <UniqueIdentifier>{403488c1-bc65-4b28-a954-dc69b86fe86b}</UniqueIdentifier>
    </Filter>
    <Filter Include="Header Files\Dialogs">
      <UniqueIdentifier>{2e7dc192-f9cd-4c30-9138-f55114a3e325}</UniqueIdentifier>
    </Filter>
    <Filter Include="Source Files\Dialogs">
      <UniqueIdentifier>{e5c94674-0e76-46a1-bfb2-d2ab733b8272}</UniqueIdentifier>
    </Filter>
    <Filter Include="Header Files\Worker">
      <UniqueIdentifier>{bd9ed2fd-3058-4441-a528-fcb3e42969c6}</UniqueIdentifier>
    </Filter>
    <Filter Include="Source Files\Worker">
      <UniqueIdentifier>{f8cc472c-0a7e-4e72-a429-fcc770c604c0}</UniqueIdentifier>
    </Filter>
    <Filter Include="Source Files\Utilities">
      <UniqueIdentifier>{0bc9bc86-af8d-403c-9a4e-4555e64a9ad7}</UniqueIdentifier>
    </Filter>
    <Filter Include="Header Files\Utilities">
      <UniqueIdentifier>{7a946019-96c3-4bfa-8d9f-75502092d1b6}</UniqueIdentifier>
    </Filter>
    <Filter Include="Header Files\Configuration">
      <UniqueIdentifier>{1e005ea3-fc6a-4599-a2d3-a5ba272d5366}</UniqueIdentifier>
    </Filter>
    <Filter Include="Header Files\Contexts">
      <UniqueIdentifier>{d579bfb7-6e6c-4ff4-9356-af2ff7701d2d}</UniqueIdentifier>
    </Filter>
    <Filter Include="Source Files\Contexts">
      <UniqueIdentifier>{8266f9d5-9c57-44c7-974a-28a13fa47f5a}</UniqueIdentifier>
    </Filter>
  </ItemGroup>
  <ItemGroup>
    <ClCompile Include="StdAfx.cpp">
      <Filter>Source Files</Filter>
    </ClCompile>
    <ClCompile Include="MainApp.cpp">
      <Filter>Source Files</Filter>
    </ClCompile>
    <ClCompile Include="Strings.cpp">
      <Filter>Source Files</Filter>
    </ClCompile>
    <ClCompile Include="XmlConfiguration.cpp">
      <Filter>Source Files</Filter>
    </ClCompile>
    <ClCompile Include="controls\MyButton.cpp">
      <Filter>Source Files\Controls</Filter>
    </ClCompile>
    <ClCompile Include="controls\MyComboBox.cpp">
      <Filter>Source Files\Controls</Filter>
    </ClCompile>
    <ClCompile Include="controls\MyEdit.cpp">
      <Filter>Source Files\Controls</Filter>
    </ClCompile>
    <ClCompile Include="controls\MyListCtrl.cpp">
      <Filter>Source Files\Controls</Filter>
    </ClCompile>
    <ClCompile Include="controls\MyStatic.cpp">
      <Filter>Source Files\Controls</Filter>
    </ClCompile>
    <ClCompile Include="controls\MyStatusBarCtrl.cpp">
      <Filter>Source Files\Controls</Filter>
    </ClCompile>
    <ClCompile Include="controls\ResizeDialog.cpp">
      <Filter>Source Files\Controls</Filter>
    </ClCompile>
    <ClCompile Include="controls\Hyperlink.cpp">
      <Filter>Source Files\Controls</Filter>
    </ClCompile>
    <ClCompile Include="dialogs\AboutDlg.cpp">
      <Filter>Source Files\Dialogs</Filter>
    </ClCompile>
    <ClCompile Include="dialogs\MainDlg.cpp">
      <Filter>Source Files\Dialogs</Filter>
    </ClCompile>
    <ClCompile Include="dialogs\FormatsDlg.cpp">
      <Filter>Source Files\Dialogs</Filter>
    </ClCompile>
    <ClCompile Include="dialogs\PresetsDlg.cpp">
      <Filter>Source Files\Dialogs</Filter>
    </ClCompile>
    <ClCompile Include="utilities\UnicodeUtf8.cpp">
      <Filter>Source Files\Utilities</Filter>
    </ClCompile>
    <ClCompile Include="utilities\Utf8String.cpp">
      <Filter>Source Files\Utilities</Filter>
    </ClCompile>
    <ClCompile Include="utilities\Utilities.cpp">
      <Filter>Source Files\Utilities</Filter>
    </ClCompile>
    <ClCompile Include="worker\WorkThread.cpp">
      <Filter>Source Files\Worker</Filter>
    </ClCompile>
    <ClCompile Include="contexts\TraceWorkerContext.cpp">
      <Filter>Source Files\Contexts</Filter>
    </ClCompile>
    <ClCompile Include="contexts\ProgressWorkerContext.cpp">
      <Filter>Source Files\Contexts</Filter>
    </ClCompile>
  </ItemGroup>
  <ItemGroup>
    <ClInclude Include="version.h">
      <Filter>Header Files</Filter>
    </ClInclude>
    <ClInclude Include="targetver.h">
      <Filter>Header Files</Filter>
    </ClInclude>
    <ClInclude Include="res\resource.h">
      <Filter>Header Files</Filter>
    </ClInclude>
    <ClInclude Include="StdAfx.h">
      <Filter>Header Files</Filter>
    </ClInclude>
    <ClInclude Include="MainApp.h">
      <Filter>Header Files</Filter>
    </ClInclude>
    <ClInclude Include="Strings.h">
      <Filter>Header Files</Filter>
    </ClInclude>
    <ClInclude Include="XmlConfiguration.h">
      <Filter>Header Files</Filter>
    </ClInclude>
    <ClInclude Include="configuration\Configuration.h">
      <Filter>Header Files\Configuration</Filter>
    </ClInclude>
    <ClInclude Include="configuration\Format.h">
      <Filter>Header Files\Configuration</Filter>
    </ClInclude>
    <ClInclude Include="configuration\FormatsList.h">
      <Filter>Header Files\Configuration</Filter>
    </ClInclude>
    <ClInclude Include="configuration\Item.h">
      <Filter>Header Files\Configuration</Filter>
    </ClInclude>
    <ClInclude Include="configuration\ItemsList.h">
      <Filter>Header Files\Configuration</Filter>
    </ClInclude>
    <ClInclude Include="configuration\Options.h">
      <Filter>Header Files\Configuration</Filter>
    </ClInclude>
    <ClInclude Include="configuration\Preset.h">
      <Filter>Header Files\Configuration</Filter>
    </ClInclude>
    <ClInclude Include="configuration\PresetsList.h">
      <Filter>Header Files\Configuration</Filter>
    </ClInclude>
    <ClInclude Include="configuration\Language.h">
      <Filter>Header Files\Configuration</Filter>
    </ClInclude>
    <ClInclude Include="configuration\LanguagesList.h">
      <Filter>Header Files\Configuration</Filter>
    </ClInclude>
    <ClInclude Include="configuration\StringsMap.h">
      <Filter>Header Files\Configuration</Filter>
    </ClInclude>
    <ClInclude Include="configuration\LanguageHelper.h">
      <Filter>Header Files\Configuration</Filter>
    </ClInclude>
    <ClInclude Include="controls\Hyperlink.h">
      <Filter>Header Files\Controls</Filter>
    </ClInclude>
    <ClInclude Include="controls\MyButton.h">
      <Filter>Header Files\Controls</Filter>
    </ClInclude>
    <ClInclude Include="controls\MyComboBox.h">
      <Filter>Header Files\Controls</Filter>
    </ClInclude>
    <ClInclude Include="controls\MyEdit.h">
      <Filter>Header Files\Controls</Filter>
    </ClInclude>
    <ClInclude Include="controls\MyListCtrl.h">
      <Filter>Header Files\Controls</Filter>
    </ClInclude>
    <ClInclude Include="controls\MyStatic.h">
      <Filter>Header Files\Controls</Filter>
    </ClInclude>
    <ClInclude Include="controls\MyStatusBarCtrl.h">
      <Filter>Header Files\Controls</Filter>
    </ClInclude>
    <ClInclude Include="controls\ResizeDialog.h">
      <Filter>Header Files\Controls</Filter>
    </ClInclude>
    <ClInclude Include="dialogs\AboutDlg.h">
      <Filter>Header Files\Dialogs</Filter>
    </ClInclude>
    <ClInclude Include="dialogs\MainDlg.h">
      <Filter>Header Files\Dialogs</Filter>
    </ClInclude>
    <ClInclude Include="dialogs\FormatsDlg.h">
      <Filter>Header Files\Dialogs</Filter>
    </ClInclude>
    <ClInclude Include="dialogs\PresetsDlg.h">
      <Filter>Header Files\Dialogs</Filter>
    </ClInclude>
    <ClInclude Include="utilities\TimeCount.h">
      <Filter>Header Files\Utilities</Filter>
    </ClInclude>
    <ClInclude Include="utilities\UnicodeUtf8.h">
      <Filter>Header Files\Utilities</Filter>
    </ClInclude>
    <ClInclude Include="utilities\Utf8String.h">
      <Filter>Header Files\Utilities</Filter>
    </ClInclude>
    <ClInclude Include="utilities\Utilities.h">
      <Filter>Header Files\Utilities</Filter>
    </ClInclude>
    <ClInclude Include="worker\LuaProgess.h">
      <Filter>Header Files\Worker</Filter>
    </ClInclude>
    <ClInclude Include="worker\Pipe.h">
      <Filter>Header Files\Worker</Filter>
    </ClInclude>
    <ClInclude Include="worker\PipeContext.h">
      <Filter>Header Files\Worker</Filter>
    </ClInclude>
    <ClInclude Include="worker\FileContext.h">
      <Filter>Header Files\Worker</Filter>
    </ClInclude>
    <ClInclude Include="worker\ItemContext.h">
      <Filter>Header Files\Worker</Filter>
    </ClInclude>
    <ClInclude Include="worker\Synchronize.h">
      <Filter>Header Files\Worker</Filter>
    </ClInclude>
    <ClInclude Include="worker\WorkerContext.h">
      <Filter>Header Files\Worker</Filter>
    </ClInclude>
    <ClInclude Include="worker\WorkThread.h">
      <Filter>Header Files\Worker</Filter>
    </ClInclude>
    <ClInclude Include="contexts\TraceWorkerContext.h">
      <Filter>Header Files\Contexts</Filter>
    </ClInclude>
    <ClInclude Include="contexts\ProgressWorkerContext.h">
      <Filter>Header Files\Contexts</Filter>
    </ClInclude>
    <ClInclude Include="worker\Thread.h">
      <Filter>Header Files\Worker</Filter>
    </ClInclude>
    <ClInclude Include="worker\Process.h">
      <Filter>Header Files\Worker</Filter>
    </ClInclude>
  </ItemGroup>
  <ItemGroup>
    <None Include="res\BatchEncoder.rc2">
      <Filter>Resource Files</Filter>
    </None>
  </ItemGroup>
  <ItemGroup>
    <ResourceCompile Include="res\BatchEncoder.rc">
      <Filter>Resource Files</Filter>
    </ResourceCompile>
  </ItemGroup>
  <ItemGroup>
    <Image Include="res\BatchEncoder.ico">
      <Filter>Resource Files</Filter>
    </Image>
  </ItemGroup>
</Project>