<?xml version="1.0" encoding="utf-8"?>
<Project ToolsVersion="4.0" xmlns="http://schemas.microsoft.com/developer/msbuild/2003">
  <ItemGroup>
    <Filter Include="Source Files">
      <UniqueIdentifier>{4FC737F1-C7A5-4376-A066-2A32D752A2FF}</UniqueIdentifier>
      <Extensions>cpp;c;cxx;def;odl;idl;hpj;bat;asm;asmx</Extensions>
    </Filter>
    <Filter Include="Header Files">
      <UniqueIdentifier>{93995380-89BD-4b04-88EB-625FBE52EBFB}</UniqueIdentifier>
      <Extensions>h;hpp;hxx;hm;inl;inc;xsd</Extensions>
    </Filter>
    <Filter Include="Resource Files">
      <UniqueIdentifier>{67DA6AB6-F800-4c08-8B7A-83BB121AAD01}</UniqueIdentifier>
      <Extensions>rc;ico;cur;bmp;dlg;rc2;rct;bin;rgs;gif;jpg;jpeg;jpe;resx</Extensions>
    </Filter>
    <Filter Include="Header Files\Dialogs">
      <UniqueIdentifier>{2e7dc192-f9cd-4c30-9138-f55114a3e325}</UniqueIdentifier>
    </Filter>
    <Filter Include="Source Files\Dialogs">
      <UniqueIdentifier>{e5c94674-0e76-46a1-bfb2-d2ab733b8272}</UniqueIdentifier>
    </Filter>
    <Filter Include="Header Files\Config">
      <UniqueIdentifier>{d581069d-948d-41a1-a16e-1315d667c23a}</UniqueIdentifier>
    </Filter>
    <Filter Include="Header Files\Worker">
      <UniqueIdentifier>{10cfdc6a-54c4-48f7-ad16-0f07ac6e0994}</UniqueIdentifier>
    </Filter>
    <Filter Include="Header Files\Lua">
      <UniqueIdentifier>{84c72acd-67ff-4ba0-a932-a10dd2fb3657}</UniqueIdentifier>
    </Filter>
    <Filter Include="Source Files\Lua">
      <UniqueIdentifier>{8ce49c27-42cb-4c34-a426-17b0c668920b}</UniqueIdentifier>
    </Filter>
    <Filter Include="Header Files\Controls">
      <UniqueIdentifier>{905d8804-6b00-4135-9607-6c22022e8a35}</UniqueIdentifier>
    </Filter>
    <Filter Include="Source Files\Controls">
      <UniqueIdentifier>{01e55686-5eb5-4655-91be-19fe29044976}</UniqueIdentifier>
    </Filter>
    <Filter Include="Header Files\TinyXml2">
      <UniqueIdentifier>{904e2287-d828-4b8e-a347-8cf9ec3ac0be}</UniqueIdentifier>
    </Filter>
    <Filter Include="Source Files\TinyXml2">
      <UniqueIdentifier>{9f2258e8-f80f-43d4-ab4a-4f91de28b1f3}</UniqueIdentifier>
    </Filter>
    <Filter Include="Header Files\Utilities">
      <UniqueIdentifier>{c7b76097-0daa-463a-9beb-eef8deffa46f}</UniqueIdentifier>
    </Filter>
  </ItemGroup>
  <ItemGroup>
    <ClCompile Include="StdAfx.cpp">
      <Filter>Source Files</Filter>
    </ClCompile>
    <ClCompile Include="MainApp.cpp">
      <Filter>Source Files</Filter>
    </ClCompile>
    <ClCompile Include="dialogs\AboutDlg.cpp">
      <Filter>Source Files\Dialogs</Filter>
    </ClCompile>
    <ClCompile Include="dialogs\MainDlg.cpp">
      <Filter>Source Files\Dialogs</Filter>
    </ClCompile>
    <ClCompile Include="dialogs\FormatsDlg.cpp">
      <Filter>Source Files\Dialogs</Filter>
    </ClCompile>
    <ClCompile Include="dialogs\PresetsDlg.cpp">
      <Filter>Source Files\Dialogs</Filter>
    </ClCompile>
    <ClCompile Include="dialogs\ToolsDlg.cpp">
      <Filter>Source Files\Dialogs</Filter>
    </ClCompile>
    <ClCompile Include="dialogs\PathsDlg.cpp">
      <Filter>Source Files\Dialogs</Filter>
    </ClCompile>
    <ClCompile Include="common\lua\lua\src\lapi.c">
      <Filter>Source Files\Lua</Filter>
    </ClCompile>
    <ClCompile Include="common\lua\lua\src\lauxlib.c">
      <Filter>Source Files\Lua</Filter>
    </ClCompile>
    <ClCompile Include="common\lua\lua\src\lbaselib.c">
      <Filter>Source Files\Lua</Filter>
    </ClCompile>
    <ClCompile Include="common\lua\lua\src\lbitlib.c">
      <Filter>Source Files\Lua</Filter>
    </ClCompile>
    <ClCompile Include="common\lua\lua\src\lcode.c">
      <Filter>Source Files\Lua</Filter>
    </ClCompile>
    <ClCompile Include="common\lua\lua\src\lcorolib.c">
      <Filter>Source Files\Lua</Filter>
    </ClCompile>
    <ClCompile Include="common\lua\lua\src\lctype.c">
      <Filter>Source Files\Lua</Filter>
    </ClCompile>
    <ClCompile Include="common\lua\lua\src\ldblib.c">
      <Filter>Source Files\Lua</Filter>
    </ClCompile>
    <ClCompile Include="common\lua\lua\src\ldebug.c">
      <Filter>Source Files\Lua</Filter>
    </ClCompile>
    <ClCompile Include="common\lua\lua\src\ldo.c">
      <Filter>Source Files\Lua</Filter>
    </ClCompile>
    <ClCompile Include="common\lua\lua\src\ldump.c">
      <Filter>Source Files\Lua</Filter>
    </ClCompile>
    <ClCompile Include="common\lua\lua\src\lfunc.c">
      <Filter>Source Files\Lua</Filter>
    </ClCompile>
    <ClCompile Include="common\lua\lua\src\lgc.c">
      <Filter>Source Files\Lua</Filter>
    </ClCompile>
    <ClCompile Include="common\lua\lua\src\linit.c">
      <Filter>Source Files\Lua</Filter>
    </ClCompile>
    <ClCompile Include="common\lua\lua\src\liolib.c">
      <Filter>Source Files\Lua</Filter>
    </ClCompile>
    <ClCompile Include="common\lua\lua\src\llex.c">
      <Filter>Source Files\Lua</Filter>
    </ClCompile>
    <ClCompile Include="common\lua\lua\src\lmathlib.c">
      <Filter>Source Files\Lua</Filter>
    </ClCompile>
    <ClCompile Include="common\lua\lua\src\lmem.c">
      <Filter>Source Files\Lua</Filter>
    </ClCompile>
    <ClCompile Include="common\lua\lua\src\loadlib.c">
      <Filter>Source Files\Lua</Filter>
    </ClCompile>
    <ClCompile Include="common\lua\lua\src\lobject.c">
      <Filter>Source Files\Lua</Filter>
    </ClCompile>
    <ClCompile Include="common\lua\lua\src\lopcodes.c">
      <Filter>Source Files\Lua</Filter>
    </ClCompile>
    <ClCompile Include="common\lua\lua\src\loslib.c">
      <Filter>Source Files\Lua</Filter>
    </ClCompile>
    <ClCompile Include="common\lua\lua\src\lparser.c">
      <Filter>Source Files\Lua</Filter>
    </ClCompile>
    <ClCompile Include="common\lua\lua\src\lstate.c">
      <Filter>Source Files\Lua</Filter>
    </ClCompile>
    <ClCompile Include="common\lua\lua\src\lstring.c">
      <Filter>Source Files\Lua</Filter>
    </ClCompile>
    <ClCompile Include="common\lua\lua\src\lstrlib.c">
      <Filter>Source Files\Lua</Filter>
    </ClCompile>
    <ClCompile Include="common\lua\lua\src\ltable.c">
      <Filter>Source Files\Lua</Filter>
    </ClCompile>
    <ClCompile Include="common\lua\lua\src\ltablib.c">
      <Filter>Source Files\Lua</Filter>
    </ClCompile>
    <ClCompile Include="common\lua\lua\src\ltm.c">
      <Filter>Source Files\Lua</Filter>
    </ClCompile>
    <ClCompile Include="common\lua\lua\src\lundump.c">
      <Filter>Source Files\Lua</Filter>
    </ClCompile>
    <ClCompile Include="common\lua\lua\src\lutf8lib.c">
      <Filter>Source Files\Lua</Filter>
    </ClCompile>
    <ClCompile Include="common\lua\lua\src\lvm.c">
      <Filter>Source Files\Lua</Filter>
    </ClCompile>
    <ClCompile Include="common\lua\lua\src\lzio.c">
      <Filter>Source Files\Lua</Filter>
    </ClCompile>
    <ClCompile Include="common\controls\MyButton.cpp">
      <Filter>Source Files\Controls</Filter>
    </ClCompile>
    <ClCompile Include="common\controls\MyComboBox.cpp">
      <Filter>Source Files\Controls</Filter>
    </ClCompile>
    <ClCompile Include="common\controls\MyComboBoxEdit.cpp">
      <Filter>Source Files\Controls</Filter>
    </ClCompile>
    <ClCompile Include="common\controls\MyDialogEx.cpp">
      <Filter>Source Files\Controls</Filter>
    </ClCompile>
    <ClCompile Include="common\controls\MyEdit.cpp">
      <Filter>Source Files\Controls</Filter>
    </ClCompile>
    <ClCompile Include="common\controls\MyHyperlink.cpp">
      <Filter>Source Files\Controls</Filter>
    </ClCompile>
    <ClCompile Include="common\controls\MyListCtrl.cpp">
      <Filter>Source Files\Controls</Filter>
    </ClCompile>
    <ClCompile Include="common\controls\MyProgressCtrl.cpp">
      <Filter>Source Files\Controls</Filter>
    </ClCompile>
    <ClCompile Include="common\controls\MySliderCtrl.cpp">
      <Filter>Source Files\Controls</Filter>
    </ClCompile>
    <ClCompile Include="common\controls\MySpinButtonCtrl.cpp">
      <Filter>Source Files\Controls</Filter>
    </ClCompile>
    <ClCompile Include="common\controls\MyStatic.cpp">
      <Filter>Source Files\Controls</Filter>
    </ClCompile>
    <ClCompile Include="common\controls\MyStatusBarCtrl.cpp">
      <Filter>Source Files\Controls</Filter>
    </ClCompile>
    <ClCompile Include="common\tinyxml2\tinyxml2.cpp">
      <Filter>Source Files\TinyXml2</Filter>
    </ClCompile>
  </ItemGroup>
  <ItemGroup>
    <ClInclude Include="version.h">
      <Filter>Header Files</Filter>
    </ClInclude>
    <ClInclude Include="targetver.h">
      <Filter>Header Files</Filter>
    </ClInclude>
    <ClInclude Include="res\resource.h">
      <Filter>Header Files</Filter>
    </ClInclude>
    <ClInclude Include="StdAfx.h">
      <Filter>Header Files</Filter>
    </ClInclude>
    <ClInclude Include="MainApp.h">
      <Filter>Header Files</Filter>
    </ClInclude>
    <ClInclude Include="dialogs\AboutDlg.h">
      <Filter>Header Files\Dialogs</Filter>
    </ClInclude>
    <ClInclude Include="dialogs\ToolsDlg.h">
      <Filter>Header Files\Dialogs</Filter>
    </ClInclude>
    <ClInclude Include="dialogs\FormatsDlg.h">
      <Filter>Header Files\Dialogs</Filter>
    </ClInclude>
    <ClInclude Include="dialogs\MainDlg.h">
      <Filter>Header Files\Dialogs</Filter>
    </ClInclude>
    <ClInclude Include="dialogs\PresetsDlg.h">
      <Filter>Header Files\Dialogs</Filter>
    </ClInclude>
    <ClInclude Include="dialogs\PathsDlg.h">
      <Filter>Header Files\Dialogs</Filter>
    </ClInclude>
    <ClInclude Include="core\config\Config.h">
      <Filter>Header Files\Config</Filter>
    </ClInclude>
    <ClInclude Include="core\config\Format.h">
      <Filter>Header Files\Config</Filter>
    </ClInclude>
    <ClInclude Include="core\config\Item.h">
      <Filter>Header Files\Config</Filter>
    </ClInclude>
    <ClInclude Include="core\config\Language.h">
      <Filter>Header Files\Config</Filter>
    </ClInclude>
    <ClInclude Include="core\config\Options.h">
      <Filter>Header Files\Config</Filter>
    </ClInclude>
    <ClInclude Include="core\config\Path.h">
      <Filter>Header Files\Config</Filter>
    </ClInclude>
    <ClInclude Include="core\config\Preset.h">
      <Filter>Header Files\Config</Filter>
    </ClInclude>
    <ClInclude Include="core\config\Settings.h">
      <Filter>Header Files\Config</Filter>
    </ClInclude>
    <ClInclude Include="core\config\Strings.h">
      <Filter>Header Files\Config</Filter>
    </ClInclude>
    <ClInclude Include="core\config\Tool.h">
      <Filter>Header Files\Config</Filter>
    </ClInclude>
    <ClInclude Include="core\worker\CommandLine.h">
      <Filter>Header Files\Worker</Filter>
    </ClInclude>
    <ClInclude Include="core\worker\InputPath.h">
      <Filter>Header Files\Worker</Filter>
    </ClInclude>
    <ClInclude Include="core\worker\LuaProgess.h">
      <Filter>Header Files\Worker</Filter>
    </ClInclude>
    <ClInclude Include="core\worker\OutputPath.h">
      <Filter>Header Files\Worker</Filter>
    </ClInclude>
    <ClInclude Include="core\worker\ToolDownloader.h">
      <Filter>Header Files\Worker</Filter>
    </ClInclude>
    <ClInclude Include="core\worker\Win32.h">
      <Filter>Header Files\Worker</Filter>
    </ClInclude>
    <ClInclude Include="core\worker\Worker.h">
      <Filter>Header Files\Worker</Filter>
    </ClInclude>
    <ClInclude Include="core\worker\WorkerContext.h">
      <Filter>Header Files\Worker</Filter>
    </ClInclude>
    <ClInclude Include="common\lua\lua\src\lapi.h">
      <Filter>Header Files\Lua</Filter>
    </ClInclude>
    <ClInclude Include="common\lua\lua\src\lauxlib.h">
      <Filter>Header Files\Lua</Filter>
    </ClInclude>
    <ClInclude Include="common\lua\lua\src\lcode.h">
      <Filter>Header Files\Lua</Filter>
    </ClInclude>
    <ClInclude Include="common\lua\lua\src\lctype.h">
      <Filter>Header Files\Lua</Filter>
    </ClInclude>
    <ClInclude Include="common\lua\lua\src\ldebug.h">
      <Filter>Header Files\Lua</Filter>
    </ClInclude>
    <ClInclude Include="common\lua\lua\src\ldo.h">
      <Filter>Header Files\Lua</Filter>
    </ClInclude>
    <ClInclude Include="common\lua\lua\src\lfunc.h">
      <Filter>Header Files\Lua</Filter>
    </ClInclude>
    <ClInclude Include="common\lua\lua\src\lgc.h">
      <Filter>Header Files\Lua</Filter>
    </ClInclude>
    <ClInclude Include="common\lua\lua\src\llex.h">
      <Filter>Header Files\Lua</Filter>
    </ClInclude>
    <ClInclude Include="common\lua\lua\src\llimits.h">
      <Filter>Header Files\Lua</Filter>
    </ClInclude>
    <ClInclude Include="common\lua\lua\src\lmem.h">
      <Filter>Header Files\Lua</Filter>
    </ClInclude>
    <ClInclude Include="common\lua\lua\src\lobject.h">
      <Filter>Header Files\Lua</Filter>
    </ClInclude>
    <ClInclude Include="common\lua\lua\src\lopcodes.h">
      <Filter>Header Files\Lua</Filter>
    </ClInclude>
    <ClInclude Include="common\lua\lua\src\lparser.h">
      <Filter>Header Files\Lua</Filter>
    </ClInclude>
    <ClInclude Include="common\lua\lua\src\lprefix.h">
      <Filter>Header Files\Lua</Filter>
    </ClInclude>
    <ClInclude Include="common\lua\lua\src\lstate.h">
      <Filter>Header Files\Lua</Filter>
    </ClInclude>
    <ClInclude Include="common\lua\lua\src\lstring.h">
      <Filter>Header Files\Lua</Filter>
    </ClInclude>
    <ClInclude Include="common\lua\lua\src\ltable.h">
      <Filter>Header Files\Lua</Filter>
    </ClInclude>
    <ClInclude Include="common\lua\lua\src\ltm.h">
      <Filter>Header Files\Lua</Filter>
    </ClInclude>
    <ClInclude Include="common\lua\lua\src\lua.h">
      <Filter>Header Files\Lua</Filter>
    </ClInclude>
    <ClInclude Include="common\lua\lua\src\lua.hpp">
      <Filter>Header Files\Lua</Filter>
    </ClInclude>
    <ClInclude Include="common\lua\lua\src\luaconf.h">
      <Filter>Header Files\Lua</Filter>
    </ClInclude>
    <ClInclude Include="common\lua\lua\src\lualib.h">
      <Filter>Header Files\Lua</Filter>
    </ClInclude>
    <ClInclude Include="common\lua\lua\src\lundump.h">
      <Filter>Header Files\Lua</Filter>
    </ClInclude>
    <ClInclude Include="common\lua\lua\src\lvm.h">
      <Filter>Header Files\Lua</Filter>
    </ClInclude>
    <ClInclude Include="common\lua\lua\src\lzio.h">
      <Filter>Header Files\Lua</Filter>
    </ClInclude>
    <ClInclude Include="common\controls\MyButton.h">
      <Filter>Header Files\Controls</Filter>
    </ClInclude>
    <ClInclude Include="common\controls\MyComboBox.h">
      <Filter>Header Files\Controls</Filter>
    </ClInclude>
    <ClInclude Include="common\controls\MyComboBoxEdit.h">
      <Filter>Header Files\Controls</Filter>
    </ClInclude>
    <ClInclude Include="common\controls\MyDialogEx.h">
      <Filter>Header Files\Controls</Filter>
    </ClInclude>
    <ClInclude Include="common\controls\MyEdit.h">
      <Filter>Header Files\Controls</Filter>
    </ClInclude>
    <ClInclude Include="common\controls\MyHyperlink.h">
      <Filter>Header Files\Controls</Filter>
    </ClInclude>
    <ClInclude Include="common\controls\MyListCtrl.h">
      <Filter>Header Files\Controls</Filter>
    </ClInclude>
    <ClInclude Include="common\controls\MyProgressCtrl.h">
      <Filter>Header Files\Controls</Filter>
    </ClInclude>
    <ClInclude Include="common\controls\MySliderCtrl.h">
      <Filter>Header Files\Controls</Filter>
    </ClInclude>
    <ClInclude Include="common\controls\MySpinButtonCtrl.h">
      <Filter>Header Files\Controls</Filter>
    </ClInclude>
    <ClInclude Include="common\controls\MyStatic.h">
      <Filter>Header Files\Controls</Filter>
    </ClInclude>
    <ClInclude Include="common\controls\MyStatusBarCtrl.h">
      <Filter>Header Files\Controls</Filter>
    </ClInclude>
    <ClInclude Include="common\tinyxml2\tinyxml2.h">
      <Filter>Header Files\TinyXml2</Filter>
    </ClInclude>
    <ClInclude Include="common\utilities\ArgvParser.h">
      <Filter>Header Files\Utilities</Filter>
    </ClInclude>
    <ClInclude Include="common\utilities\ConsoleLog.h">
      <Filter>Header Files\Utilities</Filter>
    </ClInclude>
    <ClInclude Include="common\utilities\Download.h">
      <Filter>Header Files\Utilities</Filter>
    </ClInclude>
    <ClInclude Include="common\utilities\FileLog.h">
      <Filter>Header Files\Utilities</Filter>
    </ClInclude>
    <ClInclude Include="common\utilities\FileSystem.h">
      <Filter>Header Files\Utilities</Filter>
    </ClInclude>
    <ClInclude Include="common\utilities\Log.h">
      <Filter>Header Files\Utilities</Filter>
    </ClInclude>
    <ClInclude Include="common\utilities\MemoryLog.h">
      <Filter>Header Files\Utilities</Filter>
    </ClInclude>
    <ClInclude Include="common\utilities\Pipe.h">
      <Filter>Header Files\Utilities</Filter>
    </ClInclude>
    <ClInclude Include="common\utilities\Process.h">
      <Filter>Header Files\Utilities</Filter>
    </ClInclude>
    <ClInclude Include="common\utilities\String.h">
      <Filter>Header Files\Utilities</Filter>
    </ClInclude>
    <ClInclude Include="common\utilities\Synchronize.h">
      <Filter>Header Files\Utilities</Filter>
    </ClInclude>
    <ClInclude Include="common\utilities\targetver.h">
      <Filter>Header Files\Utilities</Filter>
    </ClInclude>
    <ClInclude Include="common\utilities\Thread.h">
      <Filter>Header Files\Utilities</Filter>
    </ClInclude>
    <ClInclude Include="common\utilities\TimeCount.h">
      <Filter>Header Files\Utilities</Filter>
    </ClInclude>
    <ClInclude Include="common\utilities\Utf8String.h">
      <Filter>Header Files\Utilities</Filter>
    </ClInclude>
    <ClInclude Include="common\utilities\Utilities.h">
      <Filter>Header Files\Utilities</Filter>
    </ClInclude>
  </ItemGroup>
  <ItemGroup>
    <None Include="res\BatchEncoder.rc2">
      <Filter>Resource Files</Filter>
    </None>
  </ItemGroup>
  <ItemGroup>
    <ResourceCompile Include="res\BatchEncoder.rc">
      <Filter>Resource Files</Filter>
    </ResourceCompile>
  </ItemGroup>
  <ItemGroup>
    <Image Include="res\BatchEncoder.ico">
      <Filter>Resource Files</Filter>
    </Image>
  </ItemGroup>
</Project>