<?xml version="1.0" encoding="utf-8"?>
<Project ToolsVersion="4.0" xmlns="http://schemas.microsoft.com/developer/msbuild/2003">
  <ItemGroup>
    <Filter Include="Source Files">
      <UniqueIdentifier>{4FC737F1-C7A5-4376-A066-2A32D752A2FF}</UniqueIdentifier>
      <Extensions>cpp;c;cxx;def;odl;idl;hpj;bat;asm;asmx</Extensions>
    </Filter>
    <Filter Include="Header Files">
      <UniqueIdentifier>{93995380-89BD-4b04-88EB-625FBE52EBFB}</UniqueIdentifier>
      <Extensions>h;hpp;hxx;hm;inl;inc;xsd</Extensions>
    </Filter>
    <Filter Include="Resource Files">
      <UniqueIdentifier>{67DA6AB6-F800-4c08-8B7A-83BB121AAD01}</UniqueIdentifier>
      <Extensions>rc;ico;cur;bmp;dlg;rc2;rct;bin;rgs;gif;jpg;jpeg;jpe;resx</Extensions>
    </Filter>
    <Filter Include="Source Files\Controls">
      <UniqueIdentifier>{127b5b18-70df-43ba-80d3-bd58b5825b93}</UniqueIdentifier>
    </Filter>
    <Filter Include="Header Files\Controls">
      <UniqueIdentifier>{403488c1-bc65-4b28-a954-dc69b86fe86b}</UniqueIdentifier>
    </Filter>
    <Filter Include="Header Files\Dialogs">
      <UniqueIdentifier>{2e7dc192-f9cd-4c30-9138-f55114a3e325}</UniqueIdentifier>
    </Filter>
    <Filter Include="Source Files\Dialogs">
      <UniqueIdentifier>{e5c94674-0e76-46a1-bfb2-d2ab733b8272}</UniqueIdentifier>
    </Filter>
    <Filter Include="Header Files\Xml">
      <UniqueIdentifier>{cce341be-f5d9-4331-8431-c6b4f6d33179}</UniqueIdentifier>
    </Filter>
    <Filter Include="Source Files\Xml">
      <UniqueIdentifier>{f6b31c12-6182-4625-8cef-830303fb90cf}</UniqueIdentifier>
    </Filter>
    <Filter Include="Header Files\Utf8">
      <UniqueIdentifier>{7a946019-96c3-4bfa-8d9f-75502092d1b6}</UniqueIdentifier>
    </Filter>
    <Filter Include="Source Files\Utf8">
      <UniqueIdentifier>{0bc9bc86-af8d-403c-9a4e-4555e64a9ad7}</UniqueIdentifier>
    </Filter>
    <Filter Include="Header Files\Worker">
      <UniqueIdentifier>{bd9ed2fd-3058-4441-a528-fcb3e42969c6}</UniqueIdentifier>
    </Filter>
    <Filter Include="Source Files\Worker">
      <UniqueIdentifier>{f8cc472c-0a7e-4e72-a429-fcc770c604c0}</UniqueIdentifier>
    </Filter>
    <Filter Include="Resource Files\Presets">
      <UniqueIdentifier>{59ce1f30-297f-45aa-b144-878db24af41e}</UniqueIdentifier>
    </Filter>
    <Filter Include="Resource Files\Config">
      <UniqueIdentifier>{ec875038-f214-445e-ba15-12ddbc500196}</UniqueIdentifier>
    </Filter>
    <Filter Include="Resource Files\Icons">
      <UniqueIdentifier>{5493e3ca-4450-4a22-a7e2-95859e1f5e2e}</UniqueIdentifier>
    </Filter>
  </ItemGroup>
  <ItemGroup>
    <ClCompile Include="BatchEncoder.cpp">
      <Filter>Source Files</Filter>
    </ClCompile>
    <ClCompile Include="StdAfx.cpp">
      <Filter>Source Files</Filter>
    </ClCompile>
    <ClCompile Include="Utilities.cpp">
      <Filter>Source Files</Filter>
    </ClCompile>
    <ClCompile Include="MyButton.cpp">
      <Filter>Source Files\Controls</Filter>
    </ClCompile>
    <ClCompile Include="MyStatic.cpp">
      <Filter>Source Files\Controls</Filter>
    </ClCompile>
    <ClCompile Include="MyStatusBarCtrl.cpp">
      <Filter>Source Files\Controls</Filter>
    </ClCompile>
    <ClCompile Include="ResizeDialog.cpp">
      <Filter>Source Files\Controls</Filter>
    </ClCompile>
    <ClCompile Include="Hyperlink.cpp">
      <Filter>Source Files\Controls</Filter>
    </ClCompile>
    <ClCompile Include="AboutDlg.cpp">
      <Filter>Source Files\Dialogs</Filter>
    </ClCompile>
    <ClCompile Include="AdvancedDlg.cpp">
      <Filter>Source Files\Dialogs</Filter>
    </ClCompile>
    <ClCompile Include="BatchEncoderDlg.cpp">
      <Filter>Source Files\Dialogs</Filter>
    </ClCompile>
    <ClCompile Include="FormatsDlg.cpp">
      <Filter>Source Files\Dialogs</Filter>
    </ClCompile>
    <ClCompile Include="PresetsDlg.cpp">
      <Filter>Source Files\Dialogs</Filter>
    </ClCompile>
    <ClCompile Include="DropList.cpp">
      <Filter>Source Files\Controls</Filter>
    </ClCompile>
    <ClCompile Include="XMLDocumentW.cpp">
      <Filter>Source Files\Xml</Filter>
    </ClCompile>
    <ClCompile Include="XmlResource.cpp">
      <Filter>Source Files\Xml</Filter>
    </ClCompile>
    <ClCompile Include="UnicodeUtf8.cpp">
      <Filter>Source Files\Utf8</Filter>
    </ClCompile>
    <ClCompile Include="Utf8String.cpp">
      <Filter>Source Files\Utf8</Filter>
    </ClCompile>
    <ClCompile Include="WorkThread.cpp">
      <Filter>Source Files\Worker</Filter>
    </ClCompile>
    <ClCompile Include="Configuration.cpp">
      <Filter>Source Files</Filter>
    </ClCompile>
    <ClCompile Include="ItemListCtrl.cpp">
      <Filter>Source Files\Controls</Filter>
    </ClCompile>
  </ItemGroup>
  <ItemGroup>
    <ClInclude Include="BatchEncoder.h">
      <Filter>Header Files</Filter>
    </ClInclude>
    <ClInclude Include="res\resource.h">
      <Filter>Header Files</Filter>
    </ClInclude>
    <ClInclude Include="StdAfx.h">
      <Filter>Header Files</Filter>
    </ClInclude>
    <ClInclude Include="Utilities.h">
      <Filter>Header Files</Filter>
    </ClInclude>
    <ClInclude Include="Hyperlink.h">
      <Filter>Header Files\Controls</Filter>
    </ClInclude>
    <ClInclude Include="MyButton.h">
      <Filter>Header Files\Controls</Filter>
    </ClInclude>
    <ClInclude Include="MyStatic.h">
      <Filter>Header Files\Controls</Filter>
    </ClInclude>
    <ClInclude Include="MyStatusBarCtrl.h">
      <Filter>Header Files\Controls</Filter>
    </ClInclude>
    <ClInclude Include="ResizeDialog.h">
      <Filter>Header Files\Controls</Filter>
    </ClInclude>
    <ClInclude Include="AboutDlg.h">
      <Filter>Header Files\Dialogs</Filter>
    </ClInclude>
    <ClInclude Include="AdvancedDlg.h">
      <Filter>Header Files\Dialogs</Filter>
    </ClInclude>
    <ClInclude Include="BatchEncoderDlg.h">
      <Filter>Header Files\Dialogs</Filter>
    </ClInclude>
    <ClInclude Include="FormatsDlg.h">
      <Filter>Header Files\Dialogs</Filter>
    </ClInclude>
    <ClInclude Include="PresetsDlg.h">
      <Filter>Header Files\Dialogs</Filter>
    </ClInclude>
    <ClInclude Include="DropList.h">
      <Filter>Header Files\Controls</Filter>
    </ClInclude>
    <ClInclude Include="version.h">
      <Filter>Header Files</Filter>
    </ClInclude>
    <ClInclude Include="targetver.h">
      <Filter>Header Files</Filter>
    </ClInclude>
    <ClInclude Include="XMLDocumentW.h">
      <Filter>Header Files\Xml</Filter>
    </ClInclude>
    <ClInclude Include="XmlResource.h">
      <Filter>Header Files\Xml</Filter>
    </ClInclude>
    <ClInclude Include="UnicodeUtf8.h">
      <Filter>Header Files\Utf8</Filter>
    </ClInclude>
    <ClInclude Include="Utf8String.h">
      <Filter>Header Files\Utf8</Filter>
    </ClInclude>
    <ClInclude Include="WorkThread.h">
      <Filter>Header Files\Worker</Filter>
    </ClInclude>
    <ClInclude Include="TimeCount.h">
      <Filter>Header Files\Worker</Filter>
    </ClInclude>
    <ClInclude Include="Configuration.h">
      <Filter>Header Files</Filter>
    </ClInclude>
    <ClInclude Include="ItemListCtrl.h">
      <Filter>Header Files\Controls</Filter>
    </ClInclude>
  </ItemGroup>
  <ItemGroup>
    <Image Include="res\BatchEncoder.ico">
      <Filter>Resource Files\Icons</Filter>
    </Image>
    <Image Include="res\ProgressIcon01.ico">
      <Filter>Resource Files\Icons</Filter>
    </Image>
    <Image Include="res\ProgressIcon02.ico">
      <Filter>Resource Files\Icons</Filter>
    </Image>
    <Image Include="res\ProgressIcon03.ico">
      <Filter>Resource Files\Icons</Filter>
    </Image>
    <Image Include="res\ProgressIcon04.ico">
      <Filter>Resource Files\Icons</Filter>
    </Image>
    <Image Include="res\ProgressIcon05.ico">
      <Filter>Resource Files\Icons</Filter>
    </Image>
    <Image Include="res\ProgressIcon06.ico">
      <Filter>Resource Files\Icons</Filter>
    </Image>
    <Image Include="res\ProgressIcon07.ico">
      <Filter>Resource Files\Icons</Filter>
    </Image>
    <Image Include="res\ProgressIcon08.ico">
      <Filter>Resource Files\Icons</Filter>
    </Image>
    <Image Include="res\ProgressIcon09.ico">
      <Filter>Resource Files\Icons</Filter>
    </Image>
    <Image Include="res\ProgressIcon10.ico">
      <Filter>Resource Files\Icons</Filter>
    </Image>
    <Image Include="res\ProgressIcon11.ico">
      <Filter>Resource Files\Icons</Filter>
    </Image>
    <Image Include="res\ProgressIcon12.ico">
      <Filter>Resource Files\Icons</Filter>
    </Image>
  </ItemGroup>
  <ItemGroup>
    <None Include="res\BatchEncoder.rc2">
      <Filter>Resource Files</Filter>
    </None>
    <None Include="data\Presets\Presets_AAC_Faac.presets">
      <Filter>Resource Files\Presets</Filter>
    </None>
    <None Include="data\Presets\Presets_AC3_Aften.presets">
      <Filter>Resource Files\Presets</Filter>
    </None>
    <None Include="data\Presets\Presets_APE_Mac.presets">
      <Filter>Resource Files\Presets</Filter>
    </None>
    <None Include="data\Presets\Presets_FLAC_Flac.presets">
      <Filter>Resource Files\Presets</Filter>
    </None>
    <None Include="data\Presets\Presets_M4A_Faac.presets">
      <Filter>Resource Files\Presets</Filter>
    </None>
    <None Include="data\Presets\Presets_M4A_neroAacEnc.presets">
      <Filter>Resource Files\Presets</Filter>
    </None>
    <None Include="data\Presets\Presets_MP3_Lame.presets">
      <Filter>Resource Files\Presets</Filter>
    </None>
    <None Include="data\Presets\Presets_MP4_Faac.presets">
      <Filter>Resource Files\Presets</Filter>
    </None>
    <None Include="data\Presets\Presets_MP4_neroAacEnc.presets">
      <Filter>Resource Files\Presets</Filter>
    </None>
    <None Include="data\Presets\Presets_MPC_MpcEnc.presets">
      <Filter>Resource Files\Presets</Filter>
    </None>
    <None Include="data\Presets\Presets_OFR_Ofr.presets">
      <Filter>Resource Files\Presets</Filter>
    </None>
    <None Include="data\Presets\Presets_OGG_OggEnc.presets">
      <Filter>Resource Files\Presets</Filter>
    </None>
    <None Include="data\Presets\Presets_TAK_Takc.presets">
      <Filter>Resource Files\Presets</Filter>
    </None>
    <None Include="data\Presets\Presets_TTA_TtaEnc.presets">
      <Filter>Resource Files\Presets</Filter>
    </None>
    <None Include="data\Presets\Presets_WAV_Ssrc.presets">
      <Filter>Resource Files\Presets</Filter>
    </None>
    <None Include="data\Presets\Presets_WV_WavPack.presets">
      <Filter>Resource Files\Presets</Filter>
    </None>
    <None Include="data\Config\BatchEncoder.config">
      <Filter>Resource Files\Config</Filter>
    </None>
  </ItemGroup>
  <ItemGroup>
    <ResourceCompile Include="res\BatchEncoder.rc">
      <Filter>Resource Files</Filter>
    </ResourceCompile>
  </ItemGroup>
</Project>